{
  "version": 4,
  "terraform_version": "1.3.3",
  "serial": 1191,
  "lineage": "63c043fa-b120-832a-bb54-646c9ccbe992",
  "outputs": {
    "eks_cluster_arn": {
      "value": "arn:aws:eks:us-east-1:522838200446:cluster/cloudgrv-dev-eks",
      "type": "string"
    },
    "eks_cluster_endpoint": {
      "value": "https://F799C372BA0A9D360B661FF864B9FC84.gr7.us-east-1.eks.amazonaws.com",
      "type": "string"
    },
    "eks_cluster_id": {
      "value": "cloudgrv-dev-eks",
      "type": "string"
    },
    "eks_cluster_security_group_arn": {
      "value": "arn:aws:ec2:us-east-1:522838200446:security-group/sg-085de2e280b8751a3",
      "type": "string"
    },
    "eks_cluster_security_group_id": {
      "value": "sg-085de2e280b8751a3",
      "type": "string"
    },
    "eks_cluster_security_group_name": {
      "value": "cloudgrv-dev-eks",
      "type": "string"
    },
    "eks_cluster_version": {
      "value": "1.23",
      "type": "string"
    },
    "vpc-id": {
      "value": "vpc-0d87a836f9d737f21",
      "type": "string"
    },
    "workers_autoscaling_group_arn": {
      "value": "arn:aws:autoscaling:us-east-1:522838200446:autoScalingGroup:fcaae76a-991a-4f1f-bfc1-46fa015399e0:autoScalingGroupName/cloudgrv-dev-eks-20221102042027214700000008",
      "type": "string"
    },
    "workers_autoscaling_group_default_cooldown": {
      "value": "300",
      "type": "string"
    },
    "workers_autoscaling_group_desired_capacity": {
      "value": "2",
      "type": "string"
    },
    "workers_autoscaling_group_health_check_grace_period": {
      "value": "300",
      "type": "string"
    },
    "workers_autoscaling_group_health_check_type": {
      "value": "EC2",
      "type": "string"
    },
    "workers_autoscaling_group_id": {
      "value": "cloudgrv-dev-eks-20221102042027214700000008",
      "type": "string"
    },
    "workers_autoscaling_group_max_size": {
      "value": "3",
      "type": "string"
    },
    "workers_autoscaling_group_min_size": {
      "value": "2",
      "type": "string"
    },
    "workers_autoscaling_group_name": {
      "value": "cloudgrv-dev-eks-20221102042027214700000008",
      "type": "string"
    },
    "workers_launch_template_arn": {
      "value": "arn:aws:ec2:us-east-1:522838200446:launch-template/lt-041c8edfc3f6bf111",
      "type": "string"
    },
    "workers_launch_template_id": {
      "value": "lt-041c8edfc3f6bf111",
      "type": "string"
    },
    "workers_role_arn": {
      "value": "arn:aws:iam::522838200446:role/cloudgrv-dev-eks-workers",
      "type": "string"
    },
    "workers_role_name": {
      "value": "cloudgrv-dev-eks-workers",
      "type": "string"
    },
    "workers_security_group_arn": {
      "value": "arn:aws:ec2:us-east-1:522838200446:security-group/sg-09754da8179df226e",
      "type": "string"
    },
    "workers_security_group_id": {
      "value": "sg-09754da8179df226e",
      "type": "string"
    },
    "workers_security_group_name": {
      "value": "cloudgrv-dev-eks-workers",
      "type": "string"
    }
  },
  "resources": [
    {
      "mode": "managed",
      "type": "aws_ecr_repository",
      "name": "ecr",
      "provider": "provider[\"registry.terraform.io/hashicorp/aws\"]",
      "instances": [
        {
          "schema_version": 0,
          "attributes": {
            "arn": "arn:aws:ecr:us-east-1:522838200446:repository/demogrvecr",
            "encryption_configuration": [
              {
                "encryption_type": "AES256",
                "kms_key": ""
              }
            ],
            "force_delete": null,
            "id": "demogrvecr",
            "image_scanning_configuration": [
              {
                "scan_on_push": true
              }
            ],
            "image_tag_mutability": "IMMUTABLE",
            "name": "demogrvecr",
            "registry_id": "522838200446",
            "repository_url": "522838200446.dkr.ecr.us-east-1.amazonaws.com/demogrvecr",
            "tags": {},
            "tags_all": {},
            "timeouts": null
          },
          "sensitive_attributes": [],
          "private": "eyJlMmJmYjczMC1lY2FhLTExZTYtOGY4OC0zNDM2M2JjN2M0YzAiOnsiZGVsZXRlIjoxMjAwMDAwMDAwMDAwfX0="
        }
      ]
    },
    {
      "mode": "managed",
      "type": "aws_ecr_repository_policy",
      "name": "ecr-policy",
      "provider": "provider[\"registry.terraform.io/hashicorp/aws\"]",
      "instances": [
        {
          "schema_version": 0,
          "attributes": {
            "id": "demogrvecr",
            "policy": "{\"Statement\":[{\"Action\":[\"ecr:GetDownloadUrlForLayer\",\"ecr:BatchGetImage\",\"ecr:BatchCheckLayerAvailability\",\"ecr:PutImage\",\"ecr:InitiateLayerUpload\",\"ecr:UploadLayerPart\",\"ecr:CompleteLayerUpload\",\"ecr:DescribeRepositories\",\"ecr:GetRepositoryPolicy\",\"ecr:ListImages\",\"ecr:DeleteRepository\",\"ecr:BatchDeleteImage\",\"ecr:SetRepositoryPolicy\",\"ecr:DeleteRepositoryPolicy\"],\"Effect\":\"Allow\",\"Principal\":\"*\",\"Sid\":\"new policy\"}],\"Version\":\"2008-10-17\"}",
            "registry_id": "522838200446",
            "repository": "demogrvecr"
          },
          "sensitive_attributes": [],
          "private": "bnVsbA==",
          "dependencies": [
            "aws_ecr_repository.ecr"
          ]
        }
      ]
    },
    {
      "module": "module.eks_cluster",
      "mode": "data",
      "type": "aws_iam_policy_document",
      "name": "assume_role",
      "provider": "provider[\"registry.terraform.io/hashicorp/aws\"]",
      "instances": [
        {
          "index_key": 0,
          "schema_version": 0,
          "attributes": {
            "id": "189502314",
            "json": "{\n  \"Version\": \"2012-10-17\",\n  \"Statement\": [\n    {\n      \"Sid\": \"\",\n      \"Effect\": \"Allow\",\n      \"Action\": \"sts:AssumeRole\",\n      \"Principal\": {\n        \"Service\": \"eks.amazonaws.com\"\n      }\n    }\n  ]\n}",
            "override_json": null,
            "override_policy_documents": null,
            "policy_id": null,
            "source_json": null,
            "source_policy_documents": null,
            "statement": [
              {
                "actions": [
                  "sts:AssumeRole"
                ],
                "condition": [],
                "effect": "Allow",
                "not_actions": [],
                "not_principals": [],
                "not_resources": [],
                "principals": [
                  {
                    "identifiers": [
                      "eks.amazonaws.com"
                    ],
                    "type": "Service"
                  }
                ],
                "resources": [],
                "sid": ""
              }
            ],
            "version": "2012-10-17"
          },
          "sensitive_attributes": []
        }
      ]
    },
    {
      "module": "module.eks_cluster",
      "mode": "data",
      "type": "template_file",
      "name": "configmap_auth",
      "provider": "provider[\"registry.terraform.io/hashicorp/template\"]",
      "instances": [
        {
          "index_key": 0,
          "schema_version": 0,
          "attributes": {
            "filename": null,
            "id": "877f355af3789da7732ff23561bca125589287d2127c04ca85f87ec07b7c21c2",
            "rendered": "apiVersion: v1\nkind: ConfigMap\nmetadata:\n  name: aws-auth\n  namespace: kube-system\ndata:\n  mapRoles: |\n    - \"groups\":\n      - \"system:bootstrappers\"\n      - \"system:nodes\"\n      \"rolearn\": \"arn:aws:iam::522838200446:role/cloudgrv-dev-eks-workers\"\n      \"username\": \"system:node:{{EC2PrivateDNSName}}\"\n\n\n\n",
            "template": "apiVersion: v1\nkind: ConfigMap\nmetadata:\n  name: aws-auth\n  namespace: kube-system\ndata:\n  mapRoles: |\n    ${indent(4, map_worker_roles_yaml)}\n%{if map_additional_iam_roles_yaml != \"[]\" }\n    ${indent(4, map_additional_iam_roles_yaml)}\n%{ endif }\n%{if map_additional_iam_users_yaml != \"[]\" }\n  mapUsers: |\n    ${indent(4, map_additional_iam_users_yaml)}\n%{ endif }\n%{if map_additional_aws_accounts_yaml != \"[]\" }\n  mapAccounts: |\n    ${indent(4, map_additional_aws_accounts_yaml)}\n%{ endif }\n",
            "vars": {
              "map_additional_aws_accounts_yaml": "[]",
              "map_additional_iam_roles_yaml": "[]",
              "map_additional_iam_users_yaml": "[]",
              "map_worker_roles_yaml": "- \"groups\":\n  - \"system:bootstrappers\"\n  - \"system:nodes\"\n  \"rolearn\": \"arn:aws:iam::522838200446:role/cloudgrv-dev-eks-workers\"\n  \"username\": \"system:node:{{EC2PrivateDNSName}}\""
            }
          },
          "sensitive_attributes": []
        }
      ]
    },
    {
      "module": "module.eks_cluster",
      "mode": "managed",
      "type": "aws_eks_cluster",
      "name": "default",
      "provider": "provider[\"registry.terraform.io/hashicorp/aws\"]",
      "instances": [
        {
          "index_key": 0,
          "schema_version": 0,
          "attributes": {
            "arn": "arn:aws:eks:us-east-1:522838200446:cluster/cloudgrv-dev-eks",
            "certificate_authority": [
              {
                "data": "LS0tLS1CRUdJTiBDRVJUSUZJQ0FURS0tLS0tCk1JSUMvakNDQWVhZ0F3SUJBZ0lCQURBTkJna3Foa2lHOXcwQkFRc0ZBREFWTVJNd0VRWURWUVFERXdwcmRXSmwKY201bGRHVnpNQjRYRFRJeU1URXdNakEwTVRjMU4xb1hEVE15TVRBek1EQTBNVGMxTjFvd0ZURVRNQkVHQTFVRQpBeE1LYTNWaVpYSnVaWFJsY3pDQ0FTSXdEUVlKS29aSWh2Y05BUUVCQlFBRGdnRVBBRENDQVFvQ2dnRUJBS2hCCkJIWld1NDVNSC9YM2RjTEFlUmxZYm9ZTTgxRmJmL01SWkd5TUpzV0FGUEpOWlBaSUhXemJNaFI4aVJGV3BpaWUKdG80WEM5Mk5GYkJldFhDYU5kLzFqVmNWQ0dCMnNDYStmeVhDaGlkYVZ3UW9pZ0FST2Y0bUpkRTdzL0tYVmttYgpjTHJPdmdJS3VtYXZmZUd1bTFCbys1ZzYwbVRSelpxNU16VnYyRlZjSW4xMlQrQ3ZTN1dFTGo0bzNzaHl6cWhwCnZWN25RckU3b00vY01PTlRYZVE5RnZveVNvVFdPWWIyRzlha2ZSVjhyNDJ5MnA1d2ZVbC9lOVZpQ3pIbThDL3kKMlNoYmdtaUFpelhncEc4WFFFWU1adzBtMktWMGZTb2tVdzhuVUtlUmtIRHlqVC8vWG0raFdmdW1SYVYvQXVncwozNCtGQkVLa0MvZmQ5OHEyMDg4Q0F3RUFBYU5aTUZjd0RnWURWUjBQQVFIL0JBUURBZ0trTUE4R0ExVWRFd0VCCi93UUZNQU1CQWY4d0hRWURWUjBPQkJZRUZGV0YwSmpLcWQyM0lxSHE0U2FCVVJ1SGdBaUZNQlVHQTFVZEVRUU8KTUF5Q0NtdDFZbVZ5Ym1WMFpYTXdEUVlKS29aSWh2Y05BUUVMQlFBRGdnRUJBRzBLVS9PNjloVGJOeTdLZWR3TwozaG0zQVBWS21GVmZrWUpZNFJ4N2cwNWs4Qk55QkpRM044V2VmeVl3akoxSkplZU82b2xaZ0VYL0x2S0p1eHgxCjZpWTM3elBPdGZ3QW9meUp5TVg4K3hMeGUySm5UUDRMNVUrZXFZUzVRcG1LU2R6YWlWZTJ4L2hmZ0Z6dFFLaFUKYndqL0YrWXB3ZUNkbVJLUWduT0Nscy9QSmVkMk9keE5CR1Y1Sjl3WEVqMWpUOWxMMmtSbkQra3ZWZE5GbXVXUworVTJRMmdLeWlzVUI4ZjYxbFBXY2txekVYM0ozRlBkSDZxVDdjcFpVUklpZkhuWmlGY3Y4amhKT1dFYWEvWStXCkFSbjlucWE0N1hYRmMwdmorNUY2QzMvSTBFbXllMGhxeE54YmNtYXZJU2RrclJicW1UTGZmbEJ4Vk13RWl5QXcKNzBZPQotLS0tLUVORCBDRVJUSUZJQ0FURS0tLS0tCg=="
              }
            ],
            "created_at": "2022-11-02 04:12:00.171 +0000 UTC",
            "enabled_cluster_log_types": [],
            "encryption_config": [],
            "endpoint": "https://F799C372BA0A9D360B661FF864B9FC84.gr7.us-east-1.eks.amazonaws.com",
            "id": "cloudgrv-dev-eks",
            "identity": [
              {
                "oidc": [
                  {
                    "issuer": "https://oidc.eks.us-east-1.amazonaws.com/id/F799C372BA0A9D360B661FF864B9FC84"
                  }
                ]
              }
            ],
            "kubernetes_network_config": [
              {
                "ip_family": "ipv4",
                "service_ipv4_cidr": "172.20.0.0/16",
                "service_ipv6_cidr": ""
              }
            ],
            "name": "cloudgrv-dev-eks",
            "outpost_config": [],
            "platform_version": "eks.2",
            "role_arn": "arn:aws:iam::522838200446:role/cloudgrv-dev-eks",
            "status": "ACTIVE",
            "tags": {},
            "tags_all": {},
            "timeouts": null,
            "version": "1.23",
            "vpc_config": [
              {
                "cluster_security_group_id": "sg-039b88662a6054e40",
                "endpoint_private_access": false,
                "endpoint_public_access": true,
                "public_access_cidrs": [
                  "0.0.0.0/0"
                ],
                "security_group_ids": [
                  "sg-085de2e280b8751a3"
                ],
                "subnet_ids": [
                  "subnet-00585c6897c2e90ec",
                  "subnet-00f455db6de6517e2"
                ],
                "vpc_id": "vpc-0d87a836f9d737f21"
              }
            ]
          },
          "sensitive_attributes": [],
          "private": "eyJlMmJmYjczMC1lY2FhLTExZTYtOGY4OC0zNDM2M2JjN2M0YzAiOnsiY3JlYXRlIjoxODAwMDAwMDAwMDAwLCJkZWxldGUiOjkwMDAwMDAwMDAwMCwidXBkYXRlIjozNjAwMDAwMDAwMDAwfX0=",
          "dependencies": [
            "module.eks_cluster.aws_iam_role.default",
            "module.eks_cluster.aws_iam_role_policy_attachment.amazon_eks_cluster_policy",
            "module.eks_cluster.aws_iam_role_policy_attachment.amazon_eks_service_policy",
            "module.eks_cluster.aws_security_group.default",
            "module.eks_cluster.data.aws_iam_policy_document.assume_role",
            "module.vpc.aws_subnet.public-subnets",
            "module.vpc.aws_vpc.vpc",
            "module.vpc.data.aws_availability_zones.azs"
          ],
          "create_before_destroy": true
        }
      ]
    },
    {
      "module": "module.eks_cluster",
      "mode": "managed",
      "type": "aws_iam_openid_connect_provider",
      "name": "default",
      "provider": "provider[\"registry.terraform.io/hashicorp/aws\"]",
      "instances": [
        {
          "index_key": 0,
          "schema_version": 0,
          "attributes": {
            "arn": "arn:aws:iam::522838200446:oidc-provider/oidc.eks.us-east-1.amazonaws.com/id/F799C372BA0A9D360B661FF864B9FC84",
            "client_id_list": [
              "sts.amazonaws.com"
            ],
            "id": "arn:aws:iam::522838200446:oidc-provider/oidc.eks.us-east-1.amazonaws.com/id/F799C372BA0A9D360B661FF864B9FC84",
            "tags": {},
            "tags_all": {},
            "thumbprint_list": [
              "9e99a48a9960b14926bb7f3b02e22da2b0ab7280"
            ],
            "url": "oidc.eks.us-east-1.amazonaws.com/id/F799C372BA0A9D360B661FF864B9FC84"
          },
          "sensitive_attributes": [],
          "private": "bnVsbA==",
          "dependencies": [
            "module.eks_cluster.aws_eks_cluster.default",
            "module.eks_cluster.aws_iam_role.default",
            "module.eks_cluster.aws_iam_role_policy_attachment.amazon_eks_cluster_policy",
            "module.eks_cluster.aws_iam_role_policy_attachment.amazon_eks_service_policy",
            "module.eks_cluster.aws_security_group.default",
            "module.eks_cluster.data.aws_iam_policy_document.assume_role",
            "module.vpc.aws_subnet.public-subnets",
            "module.vpc.aws_vpc.vpc",
            "module.vpc.data.aws_availability_zones.azs"
          ]
        }
      ]
    },
    {
      "module": "module.eks_cluster",
      "mode": "managed",
      "type": "aws_iam_role",
      "name": "default",
      "provider": "provider[\"registry.terraform.io/hashicorp/aws\"]",
      "instances": [
        {
          "index_key": 0,
          "schema_version": 0,
          "attributes": {
            "arn": "arn:aws:iam::522838200446:role/cloudgrv-dev-eks",
            "assume_role_policy": "{\"Statement\":[{\"Action\":\"sts:AssumeRole\",\"Effect\":\"Allow\",\"Principal\":{\"Service\":\"eks.amazonaws.com\"},\"Sid\":\"\"}],\"Version\":\"2012-10-17\"}",
            "create_date": "2022-11-02T04:11:39Z",
            "description": "",
            "force_detach_policies": false,
            "id": "cloudgrv-dev-eks",
            "inline_policy": [],
            "managed_policy_arns": [
              "arn:aws:iam::aws:policy/AmazonEKSClusterPolicy",
              "arn:aws:iam::aws:policy/AmazonEKSServicePolicy"
            ],
            "max_session_duration": 3600,
            "name": "cloudgrv-dev-eks",
            "name_prefix": "",
            "path": "/",
            "permissions_boundary": null,
            "tags": {
              "Name": "cloudgrv-dev-eks",
              "Namespace": "cloudgrv",
              "Stage": "dev"
            },
            "tags_all": {
              "Name": "cloudgrv-dev-eks",
              "Namespace": "cloudgrv",
              "Stage": "dev"
            },
            "unique_id": "AROAXTO4V2B7AYPYTYH2R"
          },
          "sensitive_attributes": [],
          "private": "bnVsbA==",
          "dependencies": [
            "module.eks_cluster.data.aws_iam_policy_document.assume_role"
          ],
          "create_before_destroy": true
        }
      ]
    },
    {
      "module": "module.eks_cluster",
      "mode": "managed",
      "type": "aws_iam_role_policy_attachment",
      "name": "amazon_eks_cluster_policy",
      "provider": "provider[\"registry.terraform.io/hashicorp/aws\"]",
      "instances": [
        {
          "index_key": 0,
          "schema_version": 0,
          "attributes": {
            "id": "cloudgrv-dev-eks-20221102041141489800000005",
            "policy_arn": "arn:aws:iam::aws:policy/AmazonEKSClusterPolicy",
            "role": "cloudgrv-dev-eks"
          },
          "sensitive_attributes": [],
          "private": "bnVsbA==",
          "dependencies": [
            "module.eks_cluster.aws_iam_role.default",
            "module.eks_cluster.data.aws_iam_policy_document.assume_role"
          ],
          "create_before_destroy": true
        }
      ]
    },
    {
      "module": "module.eks_cluster",
      "mode": "managed",
      "type": "aws_iam_role_policy_attachment",
      "name": "amazon_eks_service_policy",
      "provider": "provider[\"registry.terraform.io/hashicorp/aws\"]",
      "instances": [
        {
          "index_key": 0,
          "schema_version": 0,
          "attributes": {
            "id": "cloudgrv-dev-eks-20221102041141479900000004",
            "policy_arn": "arn:aws:iam::aws:policy/AmazonEKSServicePolicy",
            "role": "cloudgrv-dev-eks"
          },
          "sensitive_attributes": [],
          "private": "bnVsbA==",
          "dependencies": [
            "module.eks_cluster.aws_iam_role.default",
            "module.eks_cluster.data.aws_iam_policy_document.assume_role"
          ],
          "create_before_destroy": true
        }
      ]
    },
    {
      "module": "module.eks_cluster",
      "mode": "managed",
      "type": "aws_security_group",
      "name": "default",
      "provider": "provider[\"registry.terraform.io/hashicorp/aws\"]",
      "instances": [
        {
          "index_key": 0,
          "schema_version": 1,
          "attributes": {
            "arn": "arn:aws:ec2:us-east-1:522838200446:security-group/sg-085de2e280b8751a3",
            "description": "Security Group for EKS cluster",
            "egress": [
              {
                "cidr_blocks": [
                  "0.0.0.0/0"
                ],
                "description": "Allow all egress traffic",
                "from_port": 0,
                "ipv6_cidr_blocks": [],
                "prefix_list_ids": [],
                "protocol": "-1",
                "security_groups": [],
                "self": false,
                "to_port": 0
              }
            ],
            "id": "sg-085de2e280b8751a3",
            "ingress": [
              {
                "cidr_blocks": [],
                "description": "Allow the cluster to receive communication from the worker nodes",
                "from_port": 0,
                "ipv6_cidr_blocks": [],
                "prefix_list_ids": [],
                "protocol": "-1",
                "security_groups": [
                  "sg-09754da8179df226e"
                ],
                "self": false,
                "to_port": 0
              }
            ],
            "name": "cloudgrv-dev-eks",
            "name_prefix": "",
            "owner_id": "522838200446",
            "revoke_rules_on_delete": false,
            "tags": {
              "Name": "cloudgrv-dev-eks",
              "Namespace": "cloudgrv",
              "Stage": "dev"
            },
            "tags_all": {
              "Name": "cloudgrv-dev-eks",
              "Namespace": "cloudgrv",
              "Stage": "dev"
            },
            "timeouts": null,
            "vpc_id": "vpc-0d87a836f9d737f21"
          },
          "sensitive_attributes": [],
          "private": "eyJlMmJmYjczMC1lY2FhLTExZTYtOGY4OC0zNDM2M2JjN2M0YzAiOnsiY3JlYXRlIjo2MDAwMDAwMDAwMDAsImRlbGV0ZSI6OTAwMDAwMDAwMDAwfSwic2NoZW1hX3ZlcnNpb24iOiIxIn0=",
          "dependencies": [
            "module.vpc.aws_vpc.vpc"
          ],
          "create_before_destroy": true
        }
      ]
    },
    {
      "module": "module.eks_cluster",
      "mode": "managed",
      "type": "aws_security_group_rule",
      "name": "egress",
      "provider": "provider[\"registry.terraform.io/hashicorp/aws\"]",
      "instances": [
        {
          "index_key": 0,
          "schema_version": 2,
          "attributes": {
            "cidr_blocks": [
              "0.0.0.0/0"
            ],
            "description": "Allow all egress traffic",
            "from_port": 0,
            "id": "sgrule-2377538955",
            "ipv6_cidr_blocks": null,
            "prefix_list_ids": null,
            "protocol": "-1",
            "security_group_id": "sg-085de2e280b8751a3",
            "self": false,
            "source_security_group_id": null,
            "timeouts": null,
            "to_port": 0,
            "type": "egress"
          },
          "sensitive_attributes": [],
          "private": "eyJlMmJmYjczMC1lY2FhLTExZTYtOGY4OC0zNDM2M2JjN2M0YzAiOnsiY3JlYXRlIjozMDAwMDAwMDAwMDB9LCJzY2hlbWFfdmVyc2lvbiI6IjIifQ==",
          "dependencies": [
            "module.eks_cluster.aws_security_group.default",
            "module.vpc.aws_vpc.vpc"
          ]
        }
      ]
    },
    {
      "module": "module.eks_cluster",
      "mode": "managed",
      "type": "aws_security_group_rule",
      "name": "ingress_workers",
      "provider": "provider[\"registry.terraform.io/hashicorp/aws\"]",
      "instances": [
        {
          "index_key": 0,
          "schema_version": 2,
          "attributes": {
            "cidr_blocks": null,
            "description": "Allow the cluster to receive communication from the worker nodes",
            "from_port": 0,
            "id": "sgrule-1855917235",
            "ipv6_cidr_blocks": null,
            "prefix_list_ids": null,
            "protocol": "-1",
            "security_group_id": "sg-085de2e280b8751a3",
            "self": false,
            "source_security_group_id": "sg-09754da8179df226e",
            "timeouts": null,
            "to_port": 0,
            "type": "ingress"
          },
          "sensitive_attributes": [],
          "private": "eyJlMmJmYjczMC1lY2FhLTExZTYtOGY4OC0zNDM2M2JjN2M0YzAiOnsiY3JlYXRlIjozMDAwMDAwMDAwMDB9LCJzY2hlbWFfdmVyc2lvbiI6IjIifQ==",
          "dependencies": [
            "module.eks_cluster.aws_security_group.default",
            "module.eks_workers.aws_security_group.default",
            "module.vpc.aws_vpc.vpc"
          ]
        }
      ]
    },
    {
      "module": "module.eks_cluster",
      "mode": "managed",
      "type": "local_file",
      "name": "configmap_auth",
      "provider": "provider[\"registry.terraform.io/hashicorp/local\"]",
      "instances": [
        {
          "index_key": 0,
          "schema_version": 0,
          "attributes": {
            "content": "apiVersion: v1\nkind: ConfigMap\nmetadata:\n  name: aws-auth\n  namespace: kube-system\ndata:\n  mapRoles: |\n    - \"groups\":\n      - \"system:bootstrappers\"\n      - \"system:nodes\"\n      \"rolearn\": \"arn:aws:iam::522838200446:role/cloudgrv-dev-eks-workers\"\n      \"username\": \"system:node:{{EC2PrivateDNSName}}\"\n\n\n\n",
            "content_base64": null,
            "directory_permission": "0777",
            "file_permission": "0777",
            "filename": "./modules/eks-cluster-master/configmap-auth.yaml",
            "id": "3588a238f00d883827a82eece2138254fca32f32",
            "sensitive_content": null,
            "source": null
          },
          "sensitive_attributes": [],
          "private": "bnVsbA==",
          "dependencies": [
            "module.eks_cluster.data.template_file.configmap_auth"
          ]
        }
      ]
    },
    {
      "module": "module.eks_cluster",
      "mode": "managed",
      "type": "null_resource",
      "name": "apply_configmap_auth",
      "provider": "provider[\"registry.terraform.io/hashicorp/null\"]",
      "instances": [
        {
          "index_key": 0,
          "schema_version": 0,
          "attributes": {
            "id": "5577006791947779410",
            "triggers": {
              "additional_aws_accounts_updated": "[]",
              "additional_roles_updated": "[]",
              "additional_users_updated": "[]",
              "cluster_updated": "cloudgrv-dev-eks",
              "configmap_auth_file_content_changed": "apiVersion: v1\nkind: ConfigMap\nmetadata:\n  name: aws-auth\n  namespace: kube-system\ndata:\n  mapRoles: |\n    - \"groups\":\n      - \"system:bootstrappers\"\n      - \"system:nodes\"\n      \"rolearn\": \"arn:aws:iam::522838200446:role/cloudgrv-dev-eks-workers\"\n      \"username\": \"system:node:{{EC2PrivateDNSName}}\"\n\n\n\n",
              "configmap_auth_file_id_changed": "3588a238f00d883827a82eece2138254fca32f32",
              "worker_roles_updated": "- \"groups\":\n  - \"system:bootstrappers\"\n  - \"system:nodes\"\n  \"rolearn\": \"arn:aws:iam::522838200446:role/cloudgrv-dev-eks-workers\"\n  \"username\": \"system:node:{{EC2PrivateDNSName}}\""
            }
          },
          "sensitive_attributes": [],
          "dependencies": [
            "module.eks_cluster.aws_eks_cluster.default",
            "module.eks_cluster.aws_iam_role.default",
            "module.eks_cluster.aws_iam_role_policy_attachment.amazon_eks_cluster_policy",
            "module.eks_cluster.aws_iam_role_policy_attachment.amazon_eks_service_policy",
            "module.eks_cluster.aws_security_group.default",
            "module.eks_cluster.data.aws_iam_policy_document.assume_role",
            "module.eks_cluster.data.template_file.configmap_auth",
            "module.eks_cluster.local_file.configmap_auth",
            "module.eks_workers.aws_iam_role.default",
            "module.eks_workers.data.aws_iam_instance_profile.default",
            "module.eks_workers.data.aws_iam_policy_document.assume_role",
            "module.vpc.aws_subnet.public-subnets",
            "module.vpc.aws_vpc.vpc",
            "module.vpc.data.aws_availability_zones.azs"
          ]
        }
      ]
    },
    {
      "module": "module.eks_workers",
      "mode": "data",
      "type": "aws_iam_policy_document",
      "name": "assume_role",
      "provider": "provider[\"registry.terraform.io/hashicorp/aws\"]",
      "instances": [
        {
          "index_key": 0,
          "schema_version": 0,
          "attributes": {
            "id": "1903849331",
            "json": "{\n  \"Version\": \"2012-10-17\",\n  \"Statement\": [\n    {\n      \"Sid\": \"\",\n      \"Effect\": \"Allow\",\n      \"Action\": \"sts:AssumeRole\",\n      \"Principal\": {\n        \"Service\": \"ec2.amazonaws.com\"\n      }\n    }\n  ]\n}",
            "override_json": null,
            "override_policy_documents": null,
            "policy_id": null,
            "source_json": null,
            "source_policy_documents": null,
            "statement": [
              {
                "actions": [
                  "sts:AssumeRole"
                ],
                "condition": [],
                "effect": "Allow",
                "not_actions": [],
                "not_principals": [],
                "not_resources": [],
                "principals": [
                  {
                    "identifiers": [
                      "ec2.amazonaws.com"
                    ],
                    "type": "Service"
                  }
                ],
                "resources": [],
                "sid": ""
              }
            ],
            "version": "2012-10-17"
          },
          "sensitive_attributes": []
        }
      ]
    },
    {
      "module": "module.eks_workers",
      "mode": "data",
      "type": "template_file",
      "name": "userdata",
      "provider": "provider[\"registry.terraform.io/hashicorp/template\"]",
      "instances": [
        {
          "index_key": 0,
          "schema_version": 0,
          "attributes": {
            "filename": null,
            "id": "354ed859ce8415df8ccdb3c5bcc9688ac45bcb1335ab58c6a59e362c65b558e1",
            "rendered": "#!/bin/bash\n\n# userdata for EKS worker nodes to properly configure Kubernetes applications on EC2 instances\n# https://docs.aws.amazon.com/eks/latest/userguide/launch-workers.html\n# https://aws.amazon.com/blogs/opensource/improvements-eks-worker-node-provisioning/\n# https://github.com/awslabs/amazon-eks-ami/blob/master/files/bootstrap.sh#L97\n\n\n\nexport KUBELET_EXTRA_ARGS=\n\n/etc/eks/bootstrap.sh --apiserver-endpoint 'https://F799C372BA0A9D360B661FF864B9FC84.gr7.us-east-1.eks.amazonaws.com' --b64-cluster-ca 'LS0tLS1CRUdJTiBDRVJUSUZJQ0FURS0tLS0tCk1JSUMvakNDQWVhZ0F3SUJBZ0lCQURBTkJna3Foa2lHOXcwQkFRc0ZBREFWTVJNd0VRWURWUVFERXdwcmRXSmwKY201bGRHVnpNQjRYRFRJeU1URXdNakEwTVRjMU4xb1hEVE15TVRBek1EQTBNVGMxTjFvd0ZURVRNQkVHQTFVRQpBeE1LYTNWaVpYSnVaWFJsY3pDQ0FTSXdEUVlKS29aSWh2Y05BUUVCQlFBRGdnRVBBRENDQVFvQ2dnRUJBS2hCCkJIWld1NDVNSC9YM2RjTEFlUmxZYm9ZTTgxRmJmL01SWkd5TUpzV0FGUEpOWlBaSUhXemJNaFI4aVJGV3BpaWUKdG80WEM5Mk5GYkJldFhDYU5kLzFqVmNWQ0dCMnNDYStmeVhDaGlkYVZ3UW9pZ0FST2Y0bUpkRTdzL0tYVmttYgpjTHJPdmdJS3VtYXZmZUd1bTFCbys1ZzYwbVRSelpxNU16VnYyRlZjSW4xMlQrQ3ZTN1dFTGo0bzNzaHl6cWhwCnZWN25RckU3b00vY01PTlRYZVE5RnZveVNvVFdPWWIyRzlha2ZSVjhyNDJ5MnA1d2ZVbC9lOVZpQ3pIbThDL3kKMlNoYmdtaUFpelhncEc4WFFFWU1adzBtMktWMGZTb2tVdzhuVUtlUmtIRHlqVC8vWG0raFdmdW1SYVYvQXVncwozNCtGQkVLa0MvZmQ5OHEyMDg4Q0F3RUFBYU5aTUZjd0RnWURWUjBQQVFIL0JBUURBZ0trTUE4R0ExVWRFd0VCCi93UUZNQU1CQWY4d0hRWURWUjBPQkJZRUZGV0YwSmpLcWQyM0lxSHE0U2FCVVJ1SGdBaUZNQlVHQTFVZEVRUU8KTUF5Q0NtdDFZbVZ5Ym1WMFpYTXdEUVlKS29aSWh2Y05BUUVMQlFBRGdnRUJBRzBLVS9PNjloVGJOeTdLZWR3TwozaG0zQVBWS21GVmZrWUpZNFJ4N2cwNWs4Qk55QkpRM044V2VmeVl3akoxSkplZU82b2xaZ0VYL0x2S0p1eHgxCjZpWTM3elBPdGZ3QW9meUp5TVg4K3hMeGUySm5UUDRMNVUrZXFZUzVRcG1LU2R6YWlWZTJ4L2hmZ0Z6dFFLaFUKYndqL0YrWXB3ZUNkbVJLUWduT0Nscy9QSmVkMk9keE5CR1Y1Sjl3WEVqMWpUOWxMMmtSbkQra3ZWZE5GbXVXUworVTJRMmdLeWlzVUI4ZjYxbFBXY2txekVYM0ozRlBkSDZxVDdjcFpVUklpZkhuWmlGY3Y4amhKT1dFYWEvWStXCkFSbjlucWE0N1hYRmMwdmorNUY2QzMvSTBFbXllMGhxeE54YmNtYXZJU2RrclJicW1UTGZmbEJ4Vk13RWl5QXcKNzBZPQotLS0tLUVORCBDRVJUSUZJQ0FURS0tLS0tCg==' 'cloudgrv-dev-eks'\n\n\n",
            "template": "#!/bin/bash\n\n# userdata for EKS worker nodes to properly configure Kubernetes applications on EC2 instances\n# https://docs.aws.amazon.com/eks/latest/userguide/launch-workers.html\n# https://aws.amazon.com/blogs/opensource/improvements-eks-worker-node-provisioning/\n# https://github.com/awslabs/amazon-eks-ami/blob/master/files/bootstrap.sh#L97\n\n${before_cluster_joining_userdata}\n\nexport KUBELET_EXTRA_ARGS=${bootstrap_extra_args}\n\n/etc/eks/bootstrap.sh --apiserver-endpoint '${cluster_endpoint}' --b64-cluster-ca '${certificate_authority_data}' '${cluster_name}'\n\n${after_cluster_joining_userdata}\n",
            "vars": {
              "after_cluster_joining_userdata": "",
              "before_cluster_joining_userdata": "",
              "bootstrap_extra_args": "",
              "certificate_authority_data": "LS0tLS1CRUdJTiBDRVJUSUZJQ0FURS0tLS0tCk1JSUMvakNDQWVhZ0F3SUJBZ0lCQURBTkJna3Foa2lHOXcwQkFRc0ZBREFWTVJNd0VRWURWUVFERXdwcmRXSmwKY201bGRHVnpNQjRYRFRJeU1URXdNakEwTVRjMU4xb1hEVE15TVRBek1EQTBNVGMxTjFvd0ZURVRNQkVHQTFVRQpBeE1LYTNWaVpYSnVaWFJsY3pDQ0FTSXdEUVlKS29aSWh2Y05BUUVCQlFBRGdnRVBBRENDQVFvQ2dnRUJBS2hCCkJIWld1NDVNSC9YM2RjTEFlUmxZYm9ZTTgxRmJmL01SWkd5TUpzV0FGUEpOWlBaSUhXemJNaFI4aVJGV3BpaWUKdG80WEM5Mk5GYkJldFhDYU5kLzFqVmNWQ0dCMnNDYStmeVhDaGlkYVZ3UW9pZ0FST2Y0bUpkRTdzL0tYVmttYgpjTHJPdmdJS3VtYXZmZUd1bTFCbys1ZzYwbVRSelpxNU16VnYyRlZjSW4xMlQrQ3ZTN1dFTGo0bzNzaHl6cWhwCnZWN25RckU3b00vY01PTlRYZVE5RnZveVNvVFdPWWIyRzlha2ZSVjhyNDJ5MnA1d2ZVbC9lOVZpQ3pIbThDL3kKMlNoYmdtaUFpelhncEc4WFFFWU1adzBtMktWMGZTb2tVdzhuVUtlUmtIRHlqVC8vWG0raFdmdW1SYVYvQXVncwozNCtGQkVLa0MvZmQ5OHEyMDg4Q0F3RUFBYU5aTUZjd0RnWURWUjBQQVFIL0JBUURBZ0trTUE4R0ExVWRFd0VCCi93UUZNQU1CQWY4d0hRWURWUjBPQkJZRUZGV0YwSmpLcWQyM0lxSHE0U2FCVVJ1SGdBaUZNQlVHQTFVZEVRUU8KTUF5Q0NtdDFZbVZ5Ym1WMFpYTXdEUVlKS29aSWh2Y05BUUVMQlFBRGdnRUJBRzBLVS9PNjloVGJOeTdLZWR3TwozaG0zQVBWS21GVmZrWUpZNFJ4N2cwNWs4Qk55QkpRM044V2VmeVl3akoxSkplZU82b2xaZ0VYL0x2S0p1eHgxCjZpWTM3elBPdGZ3QW9meUp5TVg4K3hMeGUySm5UUDRMNVUrZXFZUzVRcG1LU2R6YWlWZTJ4L2hmZ0Z6dFFLaFUKYndqL0YrWXB3ZUNkbVJLUWduT0Nscy9QSmVkMk9keE5CR1Y1Sjl3WEVqMWpUOWxMMmtSbkQra3ZWZE5GbXVXUworVTJRMmdLeWlzVUI4ZjYxbFBXY2txekVYM0ozRlBkSDZxVDdjcFpVUklpZkhuWmlGY3Y4amhKT1dFYWEvWStXCkFSbjlucWE0N1hYRmMwdmorNUY2QzMvSTBFbXllMGhxeE54YmNtYXZJU2RrclJicW1UTGZmbEJ4Vk13RWl5QXcKNzBZPQotLS0tLUVORCBDRVJUSUZJQ0FURS0tLS0tCg==",
              "cluster_endpoint": "https://F799C372BA0A9D360B661FF864B9FC84.gr7.us-east-1.eks.amazonaws.com",
              "cluster_name": "cloudgrv-dev-eks"
            }
          },
          "sensitive_attributes": []
        }
      ]
    },
    {
      "module": "module.eks_workers",
      "mode": "managed",
      "type": "aws_iam_instance_profile",
      "name": "default",
      "provider": "provider[\"registry.terraform.io/hashicorp/aws\"]",
      "instances": [
        {
          "index_key": 0,
          "schema_version": 0,
          "attributes": {
            "arn": "arn:aws:iam::522838200446:instance-profile/cloudgrv-dev-eks-workers",
            "create_date": "2022-11-02T04:11:41Z",
            "id": "cloudgrv-dev-eks-workers",
            "name": "cloudgrv-dev-eks-workers",
            "name_prefix": null,
            "path": "/",
            "role": "cloudgrv-dev-eks-workers",
            "tags": {},
            "tags_all": {},
            "unique_id": "AIPAXTO4V2B7BBTMBBVB4"
          },
          "sensitive_attributes": [],
          "private": "bnVsbA==",
          "dependencies": [
            "module.eks_workers.aws_iam_role.default",
            "module.eks_workers.data.aws_iam_policy_document.assume_role"
          ],
          "create_before_destroy": true
        }
      ]
    },
    {
      "module": "module.eks_workers",
      "mode": "managed",
      "type": "aws_iam_role",
      "name": "default",
      "provider": "provider[\"registry.terraform.io/hashicorp/aws\"]",
      "instances": [
        {
          "index_key": 0,
          "schema_version": 0,
          "attributes": {
            "arn": "arn:aws:iam::522838200446:role/cloudgrv-dev-eks-workers",
            "assume_role_policy": "{\"Statement\":[{\"Action\":\"sts:AssumeRole\",\"Effect\":\"Allow\",\"Principal\":{\"Service\":\"ec2.amazonaws.com\"},\"Sid\":\"\"}],\"Version\":\"2012-10-17\"}",
            "create_date": "2022-11-02T04:11:39Z",
            "description": "",
            "force_detach_policies": false,
            "id": "cloudgrv-dev-eks-workers",
            "inline_policy": [],
            "managed_policy_arns": [
              "arn:aws:iam::aws:policy/AmazonEC2ContainerRegistryReadOnly",
              "arn:aws:iam::aws:policy/AmazonEKSWorkerNodePolicy",
              "arn:aws:iam::aws:policy/AmazonEKS_CNI_Policy"
            ],
            "max_session_duration": 3600,
            "name": "cloudgrv-dev-eks-workers",
            "name_prefix": "",
            "path": "/",
            "permissions_boundary": null,
            "tags": {
              "Name": "cloudgrv-dev-eks-workers",
              "Namespace": "cloudgrv",
              "Stage": "dev",
              "kubernetes.io/cluster/cloudgrv-dev-eks": "owned"
            },
            "tags_all": {
              "Name": "cloudgrv-dev-eks-workers",
              "Namespace": "cloudgrv",
              "Stage": "dev",
              "kubernetes.io/cluster/cloudgrv-dev-eks": "owned"
            },
            "unique_id": "AROAXTO4V2B7ACXYYWDTN"
          },
          "sensitive_attributes": [],
          "private": "bnVsbA==",
          "dependencies": [
            "module.eks_workers.data.aws_iam_policy_document.assume_role"
          ],
          "create_before_destroy": true
        }
      ]
    },
    {
      "module": "module.eks_workers",
      "mode": "managed",
      "type": "aws_iam_role_policy_attachment",
      "name": "amazon_ec2_container_registry_read_only",
      "provider": "provider[\"registry.terraform.io/hashicorp/aws\"]",
      "instances": [
        {
          "index_key": 0,
          "schema_version": 0,
          "attributes": {
            "id": "cloudgrv-dev-eks-workers-20221102041141195600000003",
            "policy_arn": "arn:aws:iam::aws:policy/AmazonEC2ContainerRegistryReadOnly",
            "role": "cloudgrv-dev-eks-workers"
          },
          "sensitive_attributes": [],
          "private": "bnVsbA==",
          "dependencies": [
            "module.eks_workers.aws_iam_role.default",
            "module.eks_workers.data.aws_iam_policy_document.assume_role"
          ]
        }
      ]
    },
    {
      "module": "module.eks_workers",
      "mode": "managed",
      "type": "aws_iam_role_policy_attachment",
      "name": "amazon_eks_cni_policy",
      "provider": "provider[\"registry.terraform.io/hashicorp/aws\"]",
      "instances": [
        {
          "index_key": 0,
          "schema_version": 0,
          "attributes": {
            "id": "cloudgrv-dev-eks-workers-20221102041140888500000001",
            "policy_arn": "arn:aws:iam::aws:policy/AmazonEKS_CNI_Policy",
            "role": "cloudgrv-dev-eks-workers"
          },
          "sensitive_attributes": [],
          "private": "bnVsbA==",
          "dependencies": [
            "module.eks_workers.aws_iam_role.default",
            "module.eks_workers.data.aws_iam_policy_document.assume_role"
          ]
        }
      ]
    },
    {
      "module": "module.eks_workers",
      "mode": "managed",
      "type": "aws_iam_role_policy_attachment",
      "name": "amazon_eks_worker_node_policy",
      "provider": "provider[\"registry.terraform.io/hashicorp/aws\"]",
      "instances": [
        {
          "index_key": 0,
          "schema_version": 0,
          "attributes": {
            "id": "cloudgrv-dev-eks-workers-20221102041140894500000002",
            "policy_arn": "arn:aws:iam::aws:policy/AmazonEKSWorkerNodePolicy",
            "role": "cloudgrv-dev-eks-workers"
          },
          "sensitive_attributes": [],
          "private": "bnVsbA==",
          "dependencies": [
            "module.eks_workers.aws_iam_role.default",
            "module.eks_workers.data.aws_iam_policy_document.assume_role"
          ]
        }
      ]
    },
    {
      "module": "module.eks_workers",
      "mode": "managed",
      "type": "aws_security_group",
      "name": "default",
      "provider": "provider[\"registry.terraform.io/hashicorp/aws\"]",
      "instances": [
        {
          "index_key": 0,
          "schema_version": 1,
          "attributes": {
            "arn": "arn:aws:ec2:us-east-1:522838200446:security-group/sg-09754da8179df226e",
            "description": "Security Group for EKS worker nodes",
            "egress": [
              {
                "cidr_blocks": [
                  "0.0.0.0/0"
                ],
                "description": "Allow all egress traffic",
                "from_port": 0,
                "ipv6_cidr_blocks": [],
                "prefix_list_ids": [],
                "protocol": "-1",
                "security_groups": [],
                "self": false,
                "to_port": 0
              }
            ],
            "id": "sg-09754da8179df226e",
            "ingress": [
              {
                "cidr_blocks": [],
                "description": "Allow nodes to communicate with each other",
                "from_port": 0,
                "ipv6_cidr_blocks": [],
                "prefix_list_ids": [],
                "protocol": "-1",
                "security_groups": [],
                "self": true,
                "to_port": 0
              },
              {
                "cidr_blocks": [],
                "description": "Allow worker kubelets and pods to receive communication from the cluster control plane",
                "from_port": 0,
                "ipv6_cidr_blocks": [],
                "prefix_list_ids": [],
                "protocol": "-1",
                "security_groups": [
                  "sg-085de2e280b8751a3"
                ],
                "self": false,
                "to_port": 0
              }
            ],
            "name": "cloudgrv-dev-eks-workers",
            "name_prefix": "",
            "owner_id": "522838200446",
            "revoke_rules_on_delete": false,
            "tags": {
              "Name": "cloudgrv-dev-eks-workers",
              "Namespace": "cloudgrv",
              "Stage": "dev",
              "kubernetes.io/cluster/cloudgrv-dev-eks": "owned"
            },
            "tags_all": {
              "Name": "cloudgrv-dev-eks-workers",
              "Namespace": "cloudgrv",
              "Stage": "dev",
              "kubernetes.io/cluster/cloudgrv-dev-eks": "owned"
            },
            "timeouts": null,
            "vpc_id": "vpc-0d87a836f9d737f21"
          },
          "sensitive_attributes": [],
          "private": "eyJlMmJmYjczMC1lY2FhLTExZTYtOGY4OC0zNDM2M2JjN2M0YzAiOnsiY3JlYXRlIjo2MDAwMDAwMDAwMDAsImRlbGV0ZSI6OTAwMDAwMDAwMDAwfSwic2NoZW1hX3ZlcnNpb24iOiIxIn0=",
          "dependencies": [
            "module.vpc.aws_vpc.vpc"
          ],
          "create_before_destroy": true
        }
      ]
    },
    {
      "module": "module.eks_workers",
      "mode": "managed",
      "type": "aws_security_group_rule",
      "name": "egress",
      "provider": "provider[\"registry.terraform.io/hashicorp/aws\"]",
      "instances": [
        {
          "index_key": 0,
          "schema_version": 2,
          "attributes": {
            "cidr_blocks": [
              "0.0.0.0/0"
            ],
            "description": "Allow all egress traffic",
            "from_port": 0,
            "id": "sgrule-103918118",
            "ipv6_cidr_blocks": null,
            "prefix_list_ids": null,
            "protocol": "-1",
            "security_group_id": "sg-09754da8179df226e",
            "self": false,
            "source_security_group_id": null,
            "timeouts": null,
            "to_port": 0,
            "type": "egress"
          },
          "sensitive_attributes": [],
          "private": "eyJlMmJmYjczMC1lY2FhLTExZTYtOGY4OC0zNDM2M2JjN2M0YzAiOnsiY3JlYXRlIjozMDAwMDAwMDAwMDB9LCJzY2hlbWFfdmVyc2lvbiI6IjIifQ==",
          "dependencies": [
            "module.eks_workers.aws_security_group.default",
            "module.vpc.aws_vpc.vpc"
          ]
        }
      ]
    },
    {
      "module": "module.eks_workers",
      "mode": "managed",
      "type": "aws_security_group_rule",
      "name": "ingress_cluster",
      "provider": "provider[\"registry.terraform.io/hashicorp/aws\"]",
      "instances": [
        {
          "index_key": 0,
          "schema_version": 2,
          "attributes": {
            "cidr_blocks": null,
            "description": "Allow worker kubelets and pods to receive communication from the cluster control plane",
            "from_port": 0,
            "id": "sgrule-1594115111",
            "ipv6_cidr_blocks": null,
            "prefix_list_ids": null,
            "protocol": "-1",
            "security_group_id": "sg-09754da8179df226e",
            "self": false,
            "source_security_group_id": "sg-085de2e280b8751a3",
            "timeouts": null,
            "to_port": 0,
            "type": "ingress"
          },
          "sensitive_attributes": [],
          "private": "eyJlMmJmYjczMC1lY2FhLTExZTYtOGY4OC0zNDM2M2JjN2M0YzAiOnsiY3JlYXRlIjozMDAwMDAwMDAwMDB9LCJzY2hlbWFfdmVyc2lvbiI6IjIifQ==",
          "dependencies": [
            "module.eks_cluster.aws_security_group.default",
            "module.eks_workers.aws_security_group.default",
            "module.vpc.aws_vpc.vpc"
          ]
        }
      ]
    },
    {
      "module": "module.eks_workers",
      "mode": "managed",
      "type": "aws_security_group_rule",
      "name": "ingress_self",
      "provider": "provider[\"registry.terraform.io/hashicorp/aws\"]",
      "instances": [
        {
          "index_key": 0,
          "schema_version": 2,
          "attributes": {
            "cidr_blocks": null,
            "description": "Allow nodes to communicate with each other",
            "from_port": 0,
            "id": "sgrule-1250809694",
            "ipv6_cidr_blocks": null,
            "prefix_list_ids": null,
            "protocol": "-1",
            "security_group_id": "sg-09754da8179df226e",
            "self": false,
            "source_security_group_id": "sg-09754da8179df226e",
            "timeouts": null,
            "to_port": 0,
            "type": "ingress"
          },
          "sensitive_attributes": [],
          "private": "eyJlMmJmYjczMC1lY2FhLTExZTYtOGY4OC0zNDM2M2JjN2M0YzAiOnsiY3JlYXRlIjozMDAwMDAwMDAwMDB9LCJzY2hlbWFfdmVyc2lvbiI6IjIifQ==",
          "dependencies": [
            "module.eks_workers.aws_security_group.default",
            "module.vpc.aws_vpc.vpc"
          ]
        }
      ]
    },
    {
      "module": "module.eks_workers.module.autoscale_group",
      "mode": "managed",
      "type": "aws_autoscaling_group",
      "name": "default",
      "provider": "provider[\"registry.terraform.io/hashicorp/aws\"]",
      "instances": [
        {
          "index_key": 0,
          "schema_version": 0,
          "attributes": {
            "arn": "arn:aws:autoscaling:us-east-1:522838200446:autoScalingGroup:fcaae76a-991a-4f1f-bfc1-46fa015399e0:autoScalingGroupName/cloudgrv-dev-eks-20221102042027214700000008",
            "availability_zones": [
              "us-east-1a",
              "us-east-1b"
            ],
            "capacity_rebalance": false,
            "context": "",
            "default_cooldown": 300,
            "default_instance_warmup": 0,
            "desired_capacity": 2,
            "enabled_metrics": [
              "GroupDesiredCapacity",
              "GroupInServiceInstances",
              "GroupMaxSize",
              "GroupMinSize",
              "GroupPendingInstances",
              "GroupStandbyInstances",
              "GroupTerminatingInstances",
              "GroupTotalInstances"
            ],
            "force_delete": false,
            "force_delete_warm_pool": false,
            "health_check_grace_period": 300,
            "health_check_type": "EC2",
            "id": "cloudgrv-dev-eks-20221102042027214700000008",
            "initial_lifecycle_hook": [],
            "instance_refresh": [],
            "launch_configuration": "",
            "launch_template": [
              {
                "id": "lt-041c8edfc3f6bf111",
                "name": "cloudgrv-dev-eks-20221102042025521900000006",
                "version": "$Latest"
              }
            ],
            "load_balancers": [],
            "max_instance_lifetime": 0,
            "max_size": 3,
            "metrics_granularity": "1Minute",
            "min_elb_capacity": 0,
            "min_size": 2,
            "mixed_instances_policy": [],
            "name": "cloudgrv-dev-eks-20221102042027214700000008",
            "name_prefix": "cloudgrv-dev-eks-",
            "placement_group": "",
            "protect_from_scale_in": false,
            "service_linked_role_arn": "arn:aws:iam::522838200446:role/aws-service-role/autoscaling.amazonaws.com/AWSServiceRoleForAutoScaling",
            "suspended_processes": [],
            "tag": [],
            "tags": [
              {
                "key": "Name",
                "propagate_at_launch": "true",
                "value": "cloudgrv-dev-eks-workers"
              },
              {
                "key": "Namespace",
                "propagate_at_launch": "true",
                "value": "cloudgrv"
              },
              {
                "key": "Stage",
                "propagate_at_launch": "true",
                "value": "dev"
              },
              {
                "key": "kubernetes.io/cluster/cloudgrv-dev-eks",
                "propagate_at_launch": "true",
                "value": "owned"
              }
            ],
            "target_group_arns": [],
            "termination_policies": [
              "Default"
            ],
            "timeouts": null,
            "vpc_zone_identifier": [
              "subnet-0324eaef7943e896e",
              "subnet-05359ee3702e8da29"
            ],
            "wait_for_capacity_timeout": "10m",
            "wait_for_elb_capacity": 0,
            "warm_pool": []
          },
          "sensitive_attributes": [],
          "private": "eyJlMmJmYjczMC1lY2FhLTExZTYtOGY4OC0zNDM2M2JjN2M0YzAiOnsiZGVsZXRlIjo2MDAwMDAwMDAwMDAsInVwZGF0ZSI6NjAwMDAwMDAwMDAwfX0=",
          "dependencies": [
            "module.eks_workers.aws_iam_instance_profile.default",
            "module.eks_workers.aws_iam_role.default",
            "module.eks_workers.aws_security_group.default",
            "module.eks_workers.data.aws_ami.eks_worker",
            "module.eks_workers.data.aws_iam_policy_document.assume_role",
            "module.eks_workers.data.template_file.userdata",
            "module.eks_workers.module.autoscale_group.aws_launch_template.default",
            "module.vpc.aws_subnet.private-subnets",
            "module.vpc.aws_vpc.vpc",
            "module.vpc.data.aws_availability_zones.azs"
          ],
          "create_before_destroy": true
        }
      ]
    },
    {
      "module": "module.eks_workers.module.autoscale_group",
      "mode": "managed",
      "type": "aws_autoscaling_policy",
      "name": "scale_down",
      "provider": "provider[\"registry.terraform.io/hashicorp/aws\"]",
      "instances": [
        {
          "index_key": 0,
          "schema_version": 0,
          "attributes": {
            "adjustment_type": "ChangeInCapacity",
            "arn": "arn:aws:autoscaling:us-east-1:522838200446:scalingPolicy:dea8af4a-47e6-486d-a49d-55d0a5de2758:autoScalingGroupName/cloudgrv-dev-eks-20221102042027214700000008:policyName/cloudgrv-dev-eks-scale-down",
            "autoscaling_group_name": "cloudgrv-dev-eks-20221102042027214700000008",
            "cooldown": 300,
            "enabled": true,
            "estimated_instance_warmup": 0,
            "id": "cloudgrv-dev-eks-scale-down",
            "metric_aggregation_type": "",
            "min_adjustment_magnitude": null,
            "name": "cloudgrv-dev-eks-scale-down",
            "policy_type": "SimpleScaling",
            "predictive_scaling_configuration": [],
            "scaling_adjustment": -1,
            "step_adjustment": [],
            "target_tracking_configuration": []
          },
          "sensitive_attributes": [],
          "private": "bnVsbA==",
          "dependencies": [
            "module.eks_workers.aws_iam_instance_profile.default",
            "module.eks_workers.aws_iam_role.default",
            "module.eks_workers.aws_security_group.default",
            "module.eks_workers.data.aws_ami.eks_worker",
            "module.eks_workers.data.aws_iam_policy_document.assume_role",
            "module.eks_workers.data.template_file.userdata",
            "module.eks_workers.module.autoscale_group.aws_autoscaling_group.default",
            "module.eks_workers.module.autoscale_group.aws_launch_template.default",
            "module.vpc.aws_subnet.private-subnets",
            "module.vpc.aws_vpc.vpc",
            "module.vpc.data.aws_availability_zones.azs"
          ]
        }
      ]
    },
    {
      "module": "module.eks_workers.module.autoscale_group",
      "mode": "managed",
      "type": "aws_autoscaling_policy",
      "name": "scale_up",
      "provider": "provider[\"registry.terraform.io/hashicorp/aws\"]",
      "instances": [
        {
          "index_key": 0,
          "schema_version": 0,
          "attributes": {
            "adjustment_type": "ChangeInCapacity",
            "arn": "arn:aws:autoscaling:us-east-1:522838200446:scalingPolicy:31700bc2-ac61-426d-92e7-84979e495982:autoScalingGroupName/cloudgrv-dev-eks-20221102042027214700000008:policyName/cloudgrv-dev-eks-scale-up",
            "autoscaling_group_name": "cloudgrv-dev-eks-20221102042027214700000008",
            "cooldown": 300,
            "enabled": true,
            "estimated_instance_warmup": 0,
            "id": "cloudgrv-dev-eks-scale-up",
            "metric_aggregation_type": "",
            "min_adjustment_magnitude": null,
            "name": "cloudgrv-dev-eks-scale-up",
            "policy_type": "SimpleScaling",
            "predictive_scaling_configuration": [],
            "scaling_adjustment": 1,
            "step_adjustment": [],
            "target_tracking_configuration": []
          },
          "sensitive_attributes": [],
          "private": "bnVsbA==",
          "dependencies": [
            "module.eks_workers.aws_iam_instance_profile.default",
            "module.eks_workers.aws_iam_role.default",
            "module.eks_workers.aws_security_group.default",
            "module.eks_workers.data.aws_ami.eks_worker",
            "module.eks_workers.data.aws_iam_policy_document.assume_role",
            "module.eks_workers.data.template_file.userdata",
            "module.eks_workers.module.autoscale_group.aws_autoscaling_group.default",
            "module.eks_workers.module.autoscale_group.aws_launch_template.default",
            "module.vpc.aws_subnet.private-subnets",
            "module.vpc.aws_vpc.vpc",
            "module.vpc.data.aws_availability_zones.azs"
          ]
        }
      ]
    },
    {
      "module": "module.eks_workers.module.autoscale_group",
      "mode": "managed",
      "type": "aws_cloudwatch_metric_alarm",
      "name": "cpu_high",
      "provider": "provider[\"registry.terraform.io/hashicorp/aws\"]",
      "instances": [
        {
          "index_key": 0,
          "schema_version": 1,
          "attributes": {
            "actions_enabled": true,
            "alarm_actions": [
              "arn:aws:autoscaling:us-east-1:522838200446:scalingPolicy:31700bc2-ac61-426d-92e7-84979e495982:autoScalingGroupName/cloudgrv-dev-eks-20221102042027214700000008:policyName/cloudgrv-dev-eks-scale-up"
            ],
            "alarm_description": "Scale up if CPU utilization is above 80 for 300 seconds",
            "alarm_name": "cloudgrv-dev-eks-cpu-utilization-high",
            "arn": "arn:aws:cloudwatch:us-east-1:522838200446:alarm:cloudgrv-dev-eks-cpu-utilization-high",
            "comparison_operator": "GreaterThanOrEqualToThreshold",
            "datapoints_to_alarm": 0,
            "dimensions": {
              "AutoScalingGroupName": "cloudgrv-dev-eks-20221102042027214700000008"
            },
            "evaluate_low_sample_count_percentiles": "",
            "evaluation_periods": 2,
            "extended_statistic": "",
            "id": "cloudgrv-dev-eks-cpu-utilization-high",
            "insufficient_data_actions": [],
            "metric_name": "CPUUtilization",
            "metric_query": [],
            "namespace": "AWS/EC2",
            "ok_actions": [],
            "period": 300,
            "statistic": "Average",
            "tags": {},
            "tags_all": {},
            "threshold": 80,
            "threshold_metric_id": "",
            "treat_missing_data": "missing",
            "unit": ""
          },
          "sensitive_attributes": [],
          "private": "eyJzY2hlbWFfdmVyc2lvbiI6IjEifQ==",
          "dependencies": [
            "module.eks_workers.aws_iam_instance_profile.default",
            "module.eks_workers.aws_iam_role.default",
            "module.eks_workers.aws_security_group.default",
            "module.eks_workers.data.aws_ami.eks_worker",
            "module.eks_workers.data.aws_iam_policy_document.assume_role",
            "module.eks_workers.data.template_file.userdata",
            "module.eks_workers.module.autoscale_group.aws_autoscaling_group.default",
            "module.eks_workers.module.autoscale_group.aws_autoscaling_policy.scale_up",
            "module.eks_workers.module.autoscale_group.aws_launch_template.default",
            "module.vpc.aws_subnet.private-subnets",
            "module.vpc.aws_vpc.vpc",
            "module.vpc.data.aws_availability_zones.azs"
          ]
        }
      ]
    },
    {
      "module": "module.eks_workers.module.autoscale_group",
      "mode": "managed",
      "type": "aws_cloudwatch_metric_alarm",
      "name": "cpu_low",
      "provider": "provider[\"registry.terraform.io/hashicorp/aws\"]",
      "instances": [
        {
          "index_key": 0,
          "schema_version": 1,
          "attributes": {
            "actions_enabled": true,
            "alarm_actions": [
              "arn:aws:autoscaling:us-east-1:522838200446:scalingPolicy:dea8af4a-47e6-486d-a49d-55d0a5de2758:autoScalingGroupName/cloudgrv-dev-eks-20221102042027214700000008:policyName/cloudgrv-dev-eks-scale-down"
            ],
            "alarm_description": "Scale down if the CPU utilization is below 50 for 300 seconds",
            "alarm_name": "cloudgrv-dev-eks-cpu-utilization-low",
            "arn": "arn:aws:cloudwatch:us-east-1:522838200446:alarm:cloudgrv-dev-eks-cpu-utilization-low",
            "comparison_operator": "LessThanOrEqualToThreshold",
            "datapoints_to_alarm": 0,
            "dimensions": {
              "AutoScalingGroupName": "cloudgrv-dev-eks-20221102042027214700000008"
            },
            "evaluate_low_sample_count_percentiles": "",
            "evaluation_periods": 2,
            "extended_statistic": "",
            "id": "cloudgrv-dev-eks-cpu-utilization-low",
            "insufficient_data_actions": [],
            "metric_name": "CPUUtilization",
            "metric_query": [],
            "namespace": "AWS/EC2",
            "ok_actions": [],
            "period": 300,
            "statistic": "Average",
            "tags": {},
            "tags_all": {},
            "threshold": 50,
            "threshold_metric_id": "",
            "treat_missing_data": "missing",
            "unit": ""
          },
          "sensitive_attributes": [],
          "private": "eyJzY2hlbWFfdmVyc2lvbiI6IjEifQ==",
          "dependencies": [
            "module.eks_workers.aws_iam_instance_profile.default",
            "module.eks_workers.aws_iam_role.default",
            "module.eks_workers.aws_security_group.default",
            "module.eks_workers.data.aws_ami.eks_worker",
            "module.eks_workers.data.aws_iam_policy_document.assume_role",
            "module.eks_workers.data.template_file.userdata",
            "module.eks_workers.module.autoscale_group.aws_autoscaling_group.default",
            "module.eks_workers.module.autoscale_group.aws_autoscaling_policy.scale_down",
            "module.eks_workers.module.autoscale_group.aws_launch_template.default",
            "module.vpc.aws_subnet.private-subnets",
            "module.vpc.aws_vpc.vpc",
            "module.vpc.data.aws_availability_zones.azs"
          ]
        }
      ]
    },
    {
      "module": "module.eks_workers.module.autoscale_group",
      "mode": "managed",
      "type": "aws_launch_template",
      "name": "default",
      "provider": "provider[\"registry.terraform.io/hashicorp/aws\"]",
      "instances": [
        {
          "index_key": 0,
          "schema_version": 0,
          "attributes": {
            "arn": "arn:aws:ec2:us-east-1:522838200446:launch-template/lt-041c8edfc3f6bf111",
            "block_device_mappings": [],
            "capacity_reservation_specification": [],
            "cpu_options": [],
            "credit_specification": [],
            "default_version": 1,
            "description": "",
            "disable_api_stop": false,
            "disable_api_termination": false,
            "ebs_optimized": "false",
            "elastic_gpu_specifications": [],
            "elastic_inference_accelerator": [],
            "enclave_options": [],
            "hibernation_options": [],
            "iam_instance_profile": [
              {
                "arn": "",
                "name": "cloudgrv-dev-eks-workers"
              }
            ],
            "id": "lt-041c8edfc3f6bf111",
            "image_id": "ami-0dc7713312a7ec987",
            "instance_initiated_shutdown_behavior": "terminate",
            "instance_market_options": [],
            "instance_requirements": [],
            "instance_type": "t2.medium",
            "kernel_id": "",
            "key_name": "cloudgrv-eks",
            "latest_version": 1,
            "license_specification": [],
            "maintenance_options": [],
            "metadata_options": [],
            "monitoring": [
              {
                "enabled": true
              }
            ],
            "name": "cloudgrv-dev-eks-20221102042025521900000006",
            "name_prefix": "cloudgrv-dev-eks-",
            "network_interfaces": [
              {
                "associate_carrier_ip_address": "",
                "associate_public_ip_address": "false",
                "delete_on_termination": "true",
                "description": "cloudgrv-dev-eks",
                "device_index": 0,
                "interface_type": "",
                "ipv4_address_count": 0,
                "ipv4_addresses": [],
                "ipv4_prefix_count": 0,
                "ipv4_prefixes": [],
                "ipv6_address_count": 0,
                "ipv6_addresses": [],
                "ipv6_prefix_count": 0,
                "ipv6_prefixes": [],
                "network_card_index": 0,
                "network_interface_id": "",
                "private_ip_address": "",
                "security_groups": [
                  "sg-09754da8179df226e"
                ],
                "subnet_id": ""
              }
            ],
            "placement": [],
            "private_dns_name_options": [],
            "ram_disk_id": "",
            "security_group_names": [],
            "tag_specifications": [
              {
                "resource_type": "volume",
                "tags": {
                  "Name": "cloudgrv-dev-eks-workers",
                  "Namespace": "cloudgrv",
                  "Stage": "dev",
                  "kubernetes.io/cluster/cloudgrv-dev-eks": "owned"
                }
              },
              {
                "resource_type": "instance",
                "tags": {
                  "Name": "cloudgrv-dev-eks-workers",
                  "Namespace": "cloudgrv",
                  "Stage": "dev",
                  "kubernetes.io/cluster/cloudgrv-dev-eks": "owned"
                }
              }
            ],
            "tags": {
              "Name": "cloudgrv-dev-eks-workers",
              "Namespace": "cloudgrv",
              "Stage": "dev",
              "kubernetes.io/cluster/cloudgrv-dev-eks": "owned"
            },
            "tags_all": {
              "Name": "cloudgrv-dev-eks-workers",
              "Namespace": "cloudgrv",
              "Stage": "dev",
              "kubernetes.io/cluster/cloudgrv-dev-eks": "owned"
            },
            "update_default_version": null,
            "user_data": "IyEvYmluL2Jhc2gKCiMgdXNlcmRhdGEgZm9yIEVLUyB3b3JrZXIgbm9kZXMgdG8gcHJvcGVybHkgY29uZmlndXJlIEt1YmVybmV0ZXMgYXBwbGljYXRpb25zIG9uIEVDMiBpbnN0YW5jZXMKIyBodHRwczovL2RvY3MuYXdzLmFtYXpvbi5jb20vZWtzL2xhdGVzdC91c2VyZ3VpZGUvbGF1bmNoLXdvcmtlcnMuaHRtbAojIGh0dHBzOi8vYXdzLmFtYXpvbi5jb20vYmxvZ3Mvb3BlbnNvdXJjZS9pbXByb3ZlbWVudHMtZWtzLXdvcmtlci1ub2RlLXByb3Zpc2lvbmluZy8KIyBodHRwczovL2dpdGh1Yi5jb20vYXdzbGFicy9hbWF6b24tZWtzLWFtaS9ibG9iL21hc3Rlci9maWxlcy9ib290c3RyYXAuc2gjTDk3CgoKCmV4cG9ydCBLVUJFTEVUX0VYVFJBX0FSR1M9CgovZXRjL2Vrcy9ib290c3RyYXAuc2ggLS1hcGlzZXJ2ZXItZW5kcG9pbnQgJ2h0dHBzOi8vRjc5OUMzNzJCQTBBOUQzNjBCNjYxRkY4NjRCOUZDODQuZ3I3LnVzLWVhc3QtMS5la3MuYW1hem9uYXdzLmNvbScgLS1iNjQtY2x1c3Rlci1jYSAnTFMwdExTMUNSVWRKVGlCRFJWSlVTVVpKUTBGVVJTMHRMUzB0Q2sxSlNVTXZha05EUVdWaFowRjNTVUpCWjBsQ1FVUkJUa0puYTNGb2EybEhPWGN3UWtGUmMwWkJSRUZXVFZKTmQwVlJXVVJXVVZGRVJYZHdjbVJYU213S1kyMDFiR1JIVm5wTlFqUllSRlJKZVUxVVJYZE5ha0V3VFZSak1VNHhiMWhFVkUxNVRWUkJlazFFUVRCTlZHTXhUakZ2ZDBaVVJWUk5Ra1ZIUVRGVlJRcEJlRTFMWVROV2FWcFlTblZhV0ZKc1kzcERRMEZUU1hkRVVWbEtTMjlhU1doMlkwNUJVVVZDUWxGQlJHZG5SVkJCUkVORFFWRnZRMmRuUlVKQlMyaENDa0pJV2xkMU5EVk5TQzlZTTJSalRFRmxVbXhaWW05WlRUZ3hSbUptTDAxU1drZDVUVXB6VjBGR1VFcE9XbEJhU1VoWGVtSk5hRkk0YVZKR1YzQnBhV1VLZEc4MFdFTTVNazVHWWtKbGRGaERZVTVrTHpGcVZtTldRMGRDTW5ORFlTdG1lVmhEYUdsa1lWWjNVVzlwWjBGU1QyWTBiVXBrUlRkekwwdFlWbXR0WWdwalRISlBkbWRKUzNWdFlYWm1aVWQxYlRGQ2J5czFaell3YlZSU2VscHhOVTE2Vm5ZeVJsWmpTVzR4TWxRclEzWlROMWRGVEdvMGJ6TnphSGw2Y1dod0NuWldOMjVSY2tVM2IwMHZZMDFQVGxSWVpWRTVSblp2ZVZOdlZGZFBXV0l5UnpsaGEyWlNWamh5TkRKNU1uQTFkMlpWYkM5bE9WWnBRM3BJYlRoREwza0tNbE5vWW1kdGFVRnBlbGhuY0VjNFdGRkZXVTFhZHpCdE1rdFdNR1pUYjJ0VmR6aHVWVXRsVW10SVJIbHFWQzh2V0cwcmFGZG1kVzFTWVZZdlFYVm5jd296TkN0R1FrVkxhME12Wm1RNU9IRXlNRGc0UTBGM1JVRkJZVTVhVFVaamQwUm5XVVJXVWpCUVFWRklMMEpCVVVSQlowdHJUVUU0UjBFeFZXUkZkMFZDQ2k5M1VVWk5RVTFDUVdZNGQwaFJXVVJXVWpCUFFrSlpSVVpHVjBZd1NtcExjV1F5TTBseFNIRTBVMkZDVlZKMVNHZEJhVVpOUWxWSFFURlZaRVZSVVU4S1RVRjVRME50ZERGWmJWWjVZbTFXTUZwWVRYZEVVVmxLUzI5YVNXaDJZMDVCVVVWTVFsRkJSR2RuUlVKQlJ6QkxWUzlQTmpsb1ZHSk9lVGRMWldSM1R3b3phRzB6UVZCV1MyMUdWbVpyV1VwWk5GSjROMmN3TldzNFFrNTVRa3BSTTA0NFYyVm1lVmwzYWtveFNrcGxaVTgyYjJ4YVowVllMMHgyUzBwMWVIZ3hDalpwV1RNM2VsQlBkR1ozUVc5bWVVcDVUVmc0SzNoTWVHVXlTbTVVVURSTU5WVXJaWEZaVXpWUmNHMUxVMlI2WVdsV1pUSjRMMmhtWjBaNmRGRkxhRlVLWW5kcUwwWXJXWEIzWlVOa2JWSkxVV2R1VDBOc2N5OVFTbVZrTWs5a2VFNUNSMVkxU2psM1dFVnFNV3BVT1d4TU1tdFNia1FyYTNaV1pFNUdiWFZYVXdvclZUSlJNbWRMZVdselZVSTRaall4YkZCWFkydHhla1ZZTTBvelJsQmtTRFp4VkRkamNGcFZVa2xwWmtodVdtbEdZM1k0YW1oS1QxZEZZV0V2V1N0WENrRlNiamx1Y1dFME4xaFlSbU13ZG1vck5VWTJRek12U1RCRmJYbGxNR2h4ZUU1NFltTnRZWFpKVTJScmNsSmljVzFVVEdabWJFSjRWazEzUldsNVFYY0tOekJaUFFvdExTMHRMVVZPUkNCRFJWSlVTVVpKUTBGVVJTMHRMUzB0Q2c9PScgJ2Nsb3VkZ3J2LWRldi1la3MnCgoK",
            "vpc_security_group_ids": []
          },
          "sensitive_attributes": [],
          "private": "bnVsbA==",
          "dependencies": [
            "module.eks_workers.aws_iam_instance_profile.default",
            "module.eks_workers.aws_iam_role.default",
            "module.eks_workers.aws_security_group.default",
            "module.eks_workers.data.aws_ami.eks_worker",
            "module.eks_workers.data.aws_iam_policy_document.assume_role",
            "module.eks_workers.data.template_file.userdata",
            "module.vpc.aws_vpc.vpc"
          ],
          "create_before_destroy": true
        }
      ]
    },
    {
      "module": "module.key-pair",
      "mode": "managed",
      "type": "aws_key_pair",
      "name": "keypair",
      "provider": "module.key-pair.provider[\"registry.terraform.io/hashicorp/aws\"]",
      "instances": [
        {
          "schema_version": 1,
          "attributes": {
            "arn": "arn:aws:ec2:us-east-1:522838200446:key-pair/cloudgrv-eks",
            "fingerprint": "0a:16:d2:16:51:39:d7:bd:23:c6:d3:eb:d1:de:c5:f4",
            "id": "cloudgrv-eks",
            "key_name": "cloudgrv-eks",
            "key_name_prefix": "",
            "key_pair_id": "key-0960e52fa946a94e2",
            "key_type": "rsa",
            "public_key": "ssh-rsa AAAAB3NzaC1yc2EAAAADAQABAAABgQCuBCXOpfpCxbFjwbUKssnqr3O8LKtVgxUMjungPGygk85ptKTm5wFLu9Rt/ZSZrw4pnR1B7o9bLOEsYkSrcamI4oI5O+5C8bsFAcrq5rZ+IFpMS1Z2yORyvWqdKLWSfkM/jGcS53P/St/Wv1pM9EdQS3k6bcdrClcKEe+bk1w935UqUPHasm7gatX4z67ulCb0SqRC4J/yv3R6qHlsOAdLXIDIaED39KN8f424AgPGqi/MEi+zXmUAI+l6c1uD07RcaeeNiFneAC1R07AXpX+8XKJWYi+iUw34scsl5/Ed6oG9s2Mdp7UMvC78/vzA6l6R7BPveGHz+yO73L/gZ7631vMDD1Gmf7s+zbYAYuJxehpssSeTWFbD431eq0x02bK8/xXPSyLPo/90P+e6oMNkxhifMqMTaeN2MnEjTaHpzZrL19V2ut5PzUNIi4x21kYQU+oxrpawiESEDh+LuwhoojNlm5RwmjMwObZavrwtXfWEQH+xxTBMn3cWqgutHqM=",
            "tags": {},
            "tags_all": {}
          },
          "sensitive_attributes": [],
          "private": "eyJzY2hlbWFfdmVyc2lvbiI6IjEifQ=="
        }
      ]
    },
    {
      "module": "module.vpc",
      "mode": "data",
      "type": "aws_availability_zones",
      "name": "azs",
      "provider": "provider[\"registry.terraform.io/hashicorp/aws\"]",
      "instances": [
        {
          "schema_version": 0,
          "attributes": {
            "all_availability_zones": null,
            "exclude_names": null,
            "exclude_zone_ids": null,
            "filter": null,
            "group_names": [
              "us-east-1"
            ],
            "id": "us-east-1",
            "names": [
              "us-east-1a",
              "us-east-1b",
              "us-east-1c",
              "us-east-1d",
              "us-east-1e",
              "us-east-1f"
            ],
            "state": null,
            "timeouts": null,
            "zone_ids": [
              "use1-az4",
              "use1-az6",
              "use1-az1",
              "use1-az2",
              "use1-az3",
              "use1-az5"
            ]
          },
          "sensitive_attributes": []
        }
      ]
    },
    {
      "module": "module.vpc",
      "mode": "managed",
      "type": "aws_eip",
      "name": "eip-ngw",
      "provider": "provider[\"registry.terraform.io/hashicorp/aws\"]",
      "instances": [
        {
          "index_key": 0,
          "schema_version": 0,
          "attributes": {
            "address": null,
            "allocation_id": "eipalloc-0135fda29ca8c9671",
            "associate_with_private_ip": null,
            "association_id": "eipassoc-0876dd80731d961b5",
            "carrier_ip": "",
            "customer_owned_ip": "",
            "customer_owned_ipv4_pool": "",
            "domain": "vpc",
            "id": "eipalloc-0135fda29ca8c9671",
            "instance": "",
            "network_border_group": "us-east-1",
            "network_interface": "eni-0a9d6df6fbd3c765c",
            "private_dns": "ip-10-20-1-206.ec2.internal",
            "private_ip": "10.20.1.206",
            "public_dns": "ec2-54-227-28-61.compute-1.amazonaws.com",
            "public_ip": "54.227.28.61",
            "public_ipv4_pool": "amazon",
            "tags": {
              "Name": "cloudgrv-dev-eip-nat-gateway-1",
              "kubernetes.io/cluster/cloudgrv-dev-eks": "shared"
            },
            "tags_all": {
              "Name": "cloudgrv-dev-eip-nat-gateway-1",
              "kubernetes.io/cluster/cloudgrv-dev-eks": "shared"
            },
            "timeouts": null,
            "vpc": true
          },
          "sensitive_attributes": [],
          "private": "eyJlMmJmYjczMC1lY2FhLTExZTYtOGY4OC0zNDM2M2JjN2M0YzAiOnsiZGVsZXRlIjoxODAwMDAwMDAwMDAsInJlYWQiOjkwMDAwMDAwMDAwMCwidXBkYXRlIjozMDAwMDAwMDAwMDB9fQ=="
        }
      ]
    },
    {
      "module": "module.vpc",
      "mode": "managed",
      "type": "aws_internet_gateway",
      "name": "igw",
      "provider": "provider[\"registry.terraform.io/hashicorp/aws\"]",
      "instances": [
        {
          "index_key": 0,
          "schema_version": 0,
          "attributes": {
            "arn": "arn:aws:ec2:us-east-1:522838200446:internet-gateway/igw-05dc909bd8d33360e",
            "id": "igw-05dc909bd8d33360e",
            "owner_id": "522838200446",
            "tags": {
              "Name": "cloudgrv-dev-igw",
              "kubernetes.io/cluster/cloudgrv-dev-eks": "shared"
            },
            "tags_all": {
              "Name": "cloudgrv-dev-igw",
              "kubernetes.io/cluster/cloudgrv-dev-eks": "shared"
            },
            "timeouts": null,
            "vpc_id": "vpc-0d87a836f9d737f21"
          },
          "sensitive_attributes": [],
          "private": "eyJlMmJmYjczMC1lY2FhLTExZTYtOGY4OC0zNDM2M2JjN2M0YzAiOnsiY3JlYXRlIjoxMjAwMDAwMDAwMDAwLCJkZWxldGUiOjEyMDAwMDAwMDAwMDAsInVwZGF0ZSI6MTIwMDAwMDAwMDAwMH19",
          "dependencies": [
            "module.vpc.aws_vpc.vpc"
          ]
        }
      ]
    },
    {
      "module": "module.vpc",
      "mode": "managed",
      "type": "aws_nat_gateway",
      "name": "ngw",
      "provider": "provider[\"registry.terraform.io/hashicorp/aws\"]",
      "instances": [
        {
          "index_key": 0,
          "schema_version": 0,
          "attributes": {
            "allocation_id": "eipalloc-0135fda29ca8c9671",
            "connectivity_type": "public",
            "id": "nat-06ad95621d9826420",
            "network_interface_id": "eni-0a9d6df6fbd3c765c",
            "private_ip": "10.20.1.206",
            "public_ip": "54.227.28.61",
            "subnet_id": "subnet-00f455db6de6517e2",
            "tags": {
              "Name": "cloudgrv-dev-nat-gateway-1",
              "kubernetes.io/cluster/cloudgrv-dev-eks": "shared"
            },
            "tags_all": {
              "Name": "cloudgrv-dev-nat-gateway-1",
              "kubernetes.io/cluster/cloudgrv-dev-eks": "shared"
            }
          },
          "sensitive_attributes": [],
          "private": "bnVsbA==",
          "dependencies": [
            "module.vpc.aws_eip.eip-ngw",
            "module.vpc.aws_subnet.public-subnets",
            "module.vpc.aws_vpc.vpc",
            "module.vpc.data.aws_availability_zones.azs"
          ]
        }
      ]
    },
    {
      "module": "module.vpc",
      "mode": "managed",
      "type": "aws_route_table",
      "name": "private-routes",
      "provider": "provider[\"registry.terraform.io/hashicorp/aws\"]",
      "instances": [
        {
          "index_key": 0,
          "schema_version": 0,
          "attributes": {
            "arn": "arn:aws:ec2:us-east-1:522838200446:route-table/rtb-0c083b63b14999383",
            "id": "rtb-0c083b63b14999383",
            "owner_id": "522838200446",
            "propagating_vgws": [],
            "route": [
              {
                "carrier_gateway_id": "",
                "cidr_block": "0.0.0.0/0",
                "core_network_arn": "",
                "destination_prefix_list_id": "",
                "egress_only_gateway_id": "",
                "gateway_id": "",
                "instance_id": "",
                "ipv6_cidr_block": "",
                "local_gateway_id": "",
                "nat_gateway_id": "nat-06ad95621d9826420",
                "network_interface_id": "",
                "transit_gateway_id": "",
                "vpc_endpoint_id": "",
                "vpc_peering_connection_id": ""
              }
            ],
            "tags": {
              "Name": "cloudgrv-dev-private-routes-1",
              "kubernetes.io/cluster/cloudgrv-dev-eks": "shared"
            },
            "tags_all": {
              "Name": "cloudgrv-dev-private-routes-1",
              "kubernetes.io/cluster/cloudgrv-dev-eks": "shared"
            },
            "timeouts": null,
            "vpc_id": "vpc-0d87a836f9d737f21"
          },
          "sensitive_attributes": [],
          "private": "eyJlMmJmYjczMC1lY2FhLTExZTYtOGY4OC0zNDM2M2JjN2M0YzAiOnsiY3JlYXRlIjozMDAwMDAwMDAwMDAsImRlbGV0ZSI6MzAwMDAwMDAwMDAwLCJ1cGRhdGUiOjEyMDAwMDAwMDAwMH19",
          "dependencies": [
            "module.vpc.aws_eip.eip-ngw",
            "module.vpc.aws_nat_gateway.ngw",
            "module.vpc.aws_subnet.public-subnets",
            "module.vpc.aws_vpc.vpc",
            "module.vpc.data.aws_availability_zones.azs"
          ]
        },
        {
          "index_key": 1,
          "schema_version": 0,
          "attributes": {
            "arn": "arn:aws:ec2:us-east-1:522838200446:route-table/rtb-0ec3e386baa64a4f4",
            "id": "rtb-0ec3e386baa64a4f4",
            "owner_id": "522838200446",
            "propagating_vgws": [],
            "route": [
              {
                "carrier_gateway_id": "",
                "cidr_block": "0.0.0.0/0",
                "core_network_arn": "",
                "destination_prefix_list_id": "",
                "egress_only_gateway_id": "",
                "gateway_id": "",
                "instance_id": "",
                "ipv6_cidr_block": "",
                "local_gateway_id": "",
                "nat_gateway_id": "nat-06ad95621d9826420",
                "network_interface_id": "",
                "transit_gateway_id": "",
                "vpc_endpoint_id": "",
                "vpc_peering_connection_id": ""
              }
            ],
            "tags": {
              "Name": "cloudgrv-dev-private-routes-2",
              "kubernetes.io/cluster/cloudgrv-dev-eks": "shared"
            },
            "tags_all": {
              "Name": "cloudgrv-dev-private-routes-2",
              "kubernetes.io/cluster/cloudgrv-dev-eks": "shared"
            },
            "timeouts": null,
            "vpc_id": "vpc-0d87a836f9d737f21"
          },
          "sensitive_attributes": [],
          "private": "eyJlMmJmYjczMC1lY2FhLTExZTYtOGY4OC0zNDM2M2JjN2M0YzAiOnsiY3JlYXRlIjozMDAwMDAwMDAwMDAsImRlbGV0ZSI6MzAwMDAwMDAwMDAwLCJ1cGRhdGUiOjEyMDAwMDAwMDAwMH19",
          "dependencies": [
            "module.vpc.aws_eip.eip-ngw",
            "module.vpc.aws_nat_gateway.ngw",
            "module.vpc.aws_subnet.public-subnets",
            "module.vpc.aws_vpc.vpc",
            "module.vpc.data.aws_availability_zones.azs"
          ]
        }
      ]
    },
    {
      "module": "module.vpc",
      "mode": "managed",
      "type": "aws_route_table",
      "name": "public-routes",
      "provider": "provider[\"registry.terraform.io/hashicorp/aws\"]",
      "instances": [
        {
          "schema_version": 0,
          "attributes": {
            "arn": "arn:aws:ec2:us-east-1:522838200446:route-table/rtb-0e9a6b4bba52b53ad",
            "id": "rtb-0e9a6b4bba52b53ad",
            "owner_id": "522838200446",
            "propagating_vgws": [],
            "route": [
              {
                "carrier_gateway_id": "",
                "cidr_block": "0.0.0.0/0",
                "core_network_arn": "",
                "destination_prefix_list_id": "",
                "egress_only_gateway_id": "",
                "gateway_id": "igw-05dc909bd8d33360e",
                "instance_id": "",
                "ipv6_cidr_block": "",
                "local_gateway_id": "",
                "nat_gateway_id": "",
                "network_interface_id": "",
                "transit_gateway_id": "",
                "vpc_endpoint_id": "",
                "vpc_peering_connection_id": ""
              }
            ],
            "tags": {
              "Name": "cloudgrv-dev-public-routes",
              "kubernetes.io/cluster/cloudgrv-dev-eks": "shared"
            },
            "tags_all": {
              "Name": "cloudgrv-dev-public-routes",
              "kubernetes.io/cluster/cloudgrv-dev-eks": "shared"
            },
            "timeouts": null,
            "vpc_id": "vpc-0d87a836f9d737f21"
          },
          "sensitive_attributes": [],
          "private": "eyJlMmJmYjczMC1lY2FhLTExZTYtOGY4OC0zNDM2M2JjN2M0YzAiOnsiY3JlYXRlIjozMDAwMDAwMDAwMDAsImRlbGV0ZSI6MzAwMDAwMDAwMDAwLCJ1cGRhdGUiOjEyMDAwMDAwMDAwMH19",
          "dependencies": [
            "module.vpc.aws_internet_gateway.igw",
            "module.vpc.aws_vpc.vpc"
          ]
        }
      ]
    },
    {
      "module": "module.vpc",
      "mode": "managed",
      "type": "aws_route_table_association",
      "name": "private-routes-linking",
      "provider": "provider[\"registry.terraform.io/hashicorp/aws\"]",
      "instances": [
        {
          "index_key": 0,
          "schema_version": 0,
          "attributes": {
            "gateway_id": "",
            "id": "rtbassoc-02ebd2484a2291768",
            "route_table_id": "rtb-0c083b63b14999383",
            "subnet_id": "subnet-0324eaef7943e896e"
          },
          "sensitive_attributes": [],
          "private": "bnVsbA==",
          "dependencies": [
            "module.vpc.aws_eip.eip-ngw",
            "module.vpc.aws_nat_gateway.ngw",
            "module.vpc.aws_route_table.private-routes",
            "module.vpc.aws_subnet.private-subnets",
            "module.vpc.aws_subnet.public-subnets",
            "module.vpc.aws_vpc.vpc",
            "module.vpc.data.aws_availability_zones.azs"
          ]
        },
        {
          "index_key": 1,
          "schema_version": 0,
          "attributes": {
            "gateway_id": "",
            "id": "rtbassoc-036da6107205baa61",
            "route_table_id": "rtb-0ec3e386baa64a4f4",
            "subnet_id": "subnet-05359ee3702e8da29"
          },
          "sensitive_attributes": [],
          "private": "bnVsbA==",
          "dependencies": [
            "module.vpc.aws_eip.eip-ngw",
            "module.vpc.aws_nat_gateway.ngw",
            "module.vpc.aws_route_table.private-routes",
            "module.vpc.aws_subnet.private-subnets",
            "module.vpc.aws_subnet.public-subnets",
            "module.vpc.aws_vpc.vpc",
            "module.vpc.data.aws_availability_zones.azs"
          ]
        }
      ]
    },
    {
      "module": "module.vpc",
      "mode": "managed",
      "type": "aws_route_table_association",
      "name": "public-association",
      "provider": "provider[\"registry.terraform.io/hashicorp/aws\"]",
      "instances": [
        {
          "index_key": 0,
          "schema_version": 0,
          "attributes": {
            "gateway_id": "",
            "id": "rtbassoc-035241e7b307f311f",
            "route_table_id": "rtb-0e9a6b4bba52b53ad",
            "subnet_id": "subnet-00f455db6de6517e2"
          },
          "sensitive_attributes": [],
          "private": "bnVsbA==",
          "dependencies": [
            "module.vpc.aws_internet_gateway.igw",
            "module.vpc.aws_route_table.public-routes",
            "module.vpc.aws_subnet.public-subnets",
            "module.vpc.aws_vpc.vpc",
            "module.vpc.data.aws_availability_zones.azs"
          ]
        },
        {
          "index_key": 1,
          "schema_version": 0,
          "attributes": {
            "gateway_id": "",
            "id": "rtbassoc-0fac1fe60e3d56d9b",
            "route_table_id": "rtb-0e9a6b4bba52b53ad",
            "subnet_id": "subnet-00585c6897c2e90ec"
          },
          "sensitive_attributes": [],
          "private": "bnVsbA==",
          "dependencies": [
            "module.vpc.aws_internet_gateway.igw",
            "module.vpc.aws_route_table.public-routes",
            "module.vpc.aws_subnet.public-subnets",
            "module.vpc.aws_vpc.vpc",
            "module.vpc.data.aws_availability_zones.azs"
          ]
        }
      ]
    },
    {
      "module": "module.vpc",
      "mode": "managed",
      "type": "aws_subnet",
      "name": "private-subnets",
      "provider": "provider[\"registry.terraform.io/hashicorp/aws\"]",
      "instances": [
        {
          "index_key": 0,
          "schema_version": 1,
          "attributes": {
            "arn": "arn:aws:ec2:us-east-1:522838200446:subnet/subnet-0324eaef7943e896e",
            "assign_ipv6_address_on_creation": false,
            "availability_zone": "us-east-1a",
            "availability_zone_id": "use1-az4",
            "cidr_block": "10.20.4.0/24",
            "customer_owned_ipv4_pool": "",
            "enable_dns64": false,
            "enable_resource_name_dns_a_record_on_launch": false,
            "enable_resource_name_dns_aaaa_record_on_launch": false,
            "id": "subnet-0324eaef7943e896e",
            "ipv6_cidr_block": "",
            "ipv6_cidr_block_association_id": "",
            "ipv6_native": false,
            "map_customer_owned_ip_on_launch": false,
            "map_public_ip_on_launch": false,
            "outpost_arn": "",
            "owner_id": "522838200446",
            "private_dns_hostname_type_on_launch": "ip-name",
            "tags": {
              "Name": "cloudgrv-dev-private-subnets-1",
              "kubernetes.io/cluster/cloudgrv-dev-eks": "shared",
              "kubernetes.io/role/internal-elb": "1"
            },
            "tags_all": {
              "Name": "cloudgrv-dev-private-subnets-1",
              "kubernetes.io/cluster/cloudgrv-dev-eks": "shared",
              "kubernetes.io/role/internal-elb": "1"
            },
            "timeouts": null,
            "vpc_id": "vpc-0d87a836f9d737f21"
          },
          "sensitive_attributes": [],
          "private": "eyJlMmJmYjczMC1lY2FhLTExZTYtOGY4OC0zNDM2M2JjN2M0YzAiOnsiY3JlYXRlIjo2MDAwMDAwMDAwMDAsImRlbGV0ZSI6MTIwMDAwMDAwMDAwMH0sInNjaGVtYV92ZXJzaW9uIjoiMSJ9",
          "dependencies": [
            "module.vpc.aws_vpc.vpc",
            "module.vpc.data.aws_availability_zones.azs"
          ],
          "create_before_destroy": true
        },
        {
          "index_key": 1,
          "schema_version": 1,
          "attributes": {
            "arn": "arn:aws:ec2:us-east-1:522838200446:subnet/subnet-05359ee3702e8da29",
            "assign_ipv6_address_on_creation": false,
            "availability_zone": "us-east-1b",
            "availability_zone_id": "use1-az6",
            "cidr_block": "10.20.5.0/24",
            "customer_owned_ipv4_pool": "",
            "enable_dns64": false,
            "enable_resource_name_dns_a_record_on_launch": false,
            "enable_resource_name_dns_aaaa_record_on_launch": false,
            "id": "subnet-05359ee3702e8da29",
            "ipv6_cidr_block": "",
            "ipv6_cidr_block_association_id": "",
            "ipv6_native": false,
            "map_customer_owned_ip_on_launch": false,
            "map_public_ip_on_launch": false,
            "outpost_arn": "",
            "owner_id": "522838200446",
            "private_dns_hostname_type_on_launch": "ip-name",
            "tags": {
              "Name": "cloudgrv-dev-private-subnets-2",
              "kubernetes.io/cluster/cloudgrv-dev-eks": "shared",
              "kubernetes.io/role/internal-elb": "1"
            },
            "tags_all": {
              "Name": "cloudgrv-dev-private-subnets-2",
              "kubernetes.io/cluster/cloudgrv-dev-eks": "shared",
              "kubernetes.io/role/internal-elb": "1"
            },
            "timeouts": null,
            "vpc_id": "vpc-0d87a836f9d737f21"
          },
          "sensitive_attributes": [],
          "private": "eyJlMmJmYjczMC1lY2FhLTExZTYtOGY4OC0zNDM2M2JjN2M0YzAiOnsiY3JlYXRlIjo2MDAwMDAwMDAwMDAsImRlbGV0ZSI6MTIwMDAwMDAwMDAwMH0sInNjaGVtYV92ZXJzaW9uIjoiMSJ9",
          "dependencies": [
            "module.vpc.aws_vpc.vpc",
            "module.vpc.data.aws_availability_zones.azs"
          ],
          "create_before_destroy": true
        }
      ]
    },
    {
      "module": "module.vpc",
      "mode": "managed",
      "type": "aws_subnet",
      "name": "public-subnets",
      "provider": "provider[\"registry.terraform.io/hashicorp/aws\"]",
      "instances": [
        {
          "index_key": 0,
          "schema_version": 1,
          "attributes": {
            "arn": "arn:aws:ec2:us-east-1:522838200446:subnet/subnet-00f455db6de6517e2",
            "assign_ipv6_address_on_creation": false,
            "availability_zone": "us-east-1a",
            "availability_zone_id": "use1-az4",
            "cidr_block": "10.20.1.0/24",
            "customer_owned_ipv4_pool": "",
            "enable_dns64": false,
            "enable_resource_name_dns_a_record_on_launch": false,
            "enable_resource_name_dns_aaaa_record_on_launch": false,
            "id": "subnet-00f455db6de6517e2",
            "ipv6_cidr_block": "",
            "ipv6_cidr_block_association_id": "",
            "ipv6_native": false,
            "map_customer_owned_ip_on_launch": false,
            "map_public_ip_on_launch": false,
            "outpost_arn": "",
            "owner_id": "522838200446",
            "private_dns_hostname_type_on_launch": "ip-name",
            "tags": {
              "Name": "cloudgrv-dev-public-subnets-1",
              "kubernetes.io/cluster/cloudgrv-dev-eks": "shared",
              "kubernetes.io/role/elb": "1"
            },
            "tags_all": {
              "Name": "cloudgrv-dev-public-subnets-1",
              "kubernetes.io/cluster/cloudgrv-dev-eks": "shared",
              "kubernetes.io/role/elb": "1"
            },
            "timeouts": null,
            "vpc_id": "vpc-0d87a836f9d737f21"
          },
          "sensitive_attributes": [],
          "private": "eyJlMmJmYjczMC1lY2FhLTExZTYtOGY4OC0zNDM2M2JjN2M0YzAiOnsiY3JlYXRlIjo2MDAwMDAwMDAwMDAsImRlbGV0ZSI6MTIwMDAwMDAwMDAwMH0sInNjaGVtYV92ZXJzaW9uIjoiMSJ9",
          "dependencies": [
            "module.vpc.aws_vpc.vpc",
            "module.vpc.data.aws_availability_zones.azs"
          ],
          "create_before_destroy": true
        },
        {
          "index_key": 1,
          "schema_version": 1,
          "attributes": {
            "arn": "arn:aws:ec2:us-east-1:522838200446:subnet/subnet-00585c6897c2e90ec",
            "assign_ipv6_address_on_creation": false,
            "availability_zone": "us-east-1b",
            "availability_zone_id": "use1-az6",
            "cidr_block": "10.20.2.0/24",
            "customer_owned_ipv4_pool": "",
            "enable_dns64": false,
            "enable_resource_name_dns_a_record_on_launch": false,
            "enable_resource_name_dns_aaaa_record_on_launch": false,
            "id": "subnet-00585c6897c2e90ec",
            "ipv6_cidr_block": "",
            "ipv6_cidr_block_association_id": "",
            "ipv6_native": false,
            "map_customer_owned_ip_on_launch": false,
            "map_public_ip_on_launch": false,
            "outpost_arn": "",
            "owner_id": "522838200446",
            "private_dns_hostname_type_on_launch": "ip-name",
            "tags": {
              "Name": "cloudgrv-dev-public-subnets-2",
              "kubernetes.io/cluster/cloudgrv-dev-eks": "shared",
              "kubernetes.io/role/elb": "1"
            },
            "tags_all": {
              "Name": "cloudgrv-dev-public-subnets-2",
              "kubernetes.io/cluster/cloudgrv-dev-eks": "shared",
              "kubernetes.io/role/elb": "1"
            },
            "timeouts": null,
            "vpc_id": "vpc-0d87a836f9d737f21"
          },
          "sensitive_attributes": [],
          "private": "eyJlMmJmYjczMC1lY2FhLTExZTYtOGY4OC0zNDM2M2JjN2M0YzAiOnsiY3JlYXRlIjo2MDAwMDAwMDAwMDAsImRlbGV0ZSI6MTIwMDAwMDAwMDAwMH0sInNjaGVtYV92ZXJzaW9uIjoiMSJ9",
          "dependencies": [
            "module.vpc.aws_vpc.vpc",
            "module.vpc.data.aws_availability_zones.azs"
          ],
          "create_before_destroy": true
        }
      ]
    },
    {
      "module": "module.vpc",
      "mode": "managed",
      "type": "aws_vpc",
      "name": "vpc",
      "provider": "provider[\"registry.terraform.io/hashicorp/aws\"]",
      "instances": [
        {
          "index_key": 0,
          "schema_version": 1,
          "attributes": {
            "arn": "arn:aws:ec2:us-east-1:522838200446:vpc/vpc-0d87a836f9d737f21",
            "assign_generated_ipv6_cidr_block": false,
            "cidr_block": "10.20.0.0/16",
            "default_network_acl_id": "acl-0003e19b324babbf4",
            "default_route_table_id": "rtb-07b9c2faa0216d776",
            "default_security_group_id": "sg-0c74aacd47a0a48d2",
            "dhcp_options_id": "dopt-d666a6ac",
            "enable_classiclink": false,
            "enable_classiclink_dns_support": false,
            "enable_dns_hostnames": true,
            "enable_dns_support": true,
            "enable_network_address_usage_metrics": false,
            "id": "vpc-0d87a836f9d737f21",
            "instance_tenancy": "default",
            "ipv4_ipam_pool_id": null,
            "ipv4_netmask_length": null,
            "ipv6_association_id": "",
            "ipv6_cidr_block": "",
            "ipv6_cidr_block_network_border_group": "",
            "ipv6_ipam_pool_id": "",
            "ipv6_netmask_length": 0,
            "main_route_table_id": "rtb-07b9c2faa0216d776",
            "owner_id": "522838200446",
            "tags": {
              "Location": "Virginia",
              "Name": "cloudgrv-vpc-dev",
              "kubernetes.io/cluster/cloudgrv-dev-eks": "shared"
            },
            "tags_all": {
              "Location": "Virginia",
              "Name": "cloudgrv-vpc-dev",
              "kubernetes.io/cluster/cloudgrv-dev-eks": "shared"
            }
          },
          "sensitive_attributes": [],
          "private": "eyJzY2hlbWFfdmVyc2lvbiI6IjEifQ==",
          "create_before_destroy": true
        }
      ]
    }
  ],
  "check_results": []
}
